// !$*UTF8*$!
{
	archiveVersion = 1;
	classes = {
	};
	objectVersion = 46;
	objects = {

/* Begin PBXBuildFile section */
		47A75D9E3C6B918FCAE8F726 /* Pods_pedalaMITests.framework in Frameworks */ = {isa = PBXBuildFile; fileRef = 9FA657FEA71FCD5CF1B0984A /* Pods_pedalaMITests.framework */; };
		80B7915E4EE7CEF2BC638FEB /* Pods_pedalaMIUITests.framework in Frameworks */ = {isa = PBXBuildFile; fileRef = B4B4EE5C98F578AAFE15765D /* Pods_pedalaMIUITests.framework */; };
		920809261DF801AE00C35F52 /* refreshClosed.png in Resources */ = {isa = PBXBuildFile; fileRef = 920809251DF801AE00C35F52 /* refreshClosed.png */; };
		920809291DF8021A00C35F52 /* bikePathsIcon.png in Resources */ = {isa = PBXBuildFile; fileRef = 920809271DF8021A00C35F52 /* bikePathsIcon.png */; };
		9208092A1DF8021A00C35F52 /* paveIcon.png in Resources */ = {isa = PBXBuildFile; fileRef = 920809281DF8021A00C35F52 /* paveIcon.png */; };
		9208092C1DF8034C00C35F52 /* bikeStationsIcon.png in Resources */ = {isa = PBXBuildFile; fileRef = 9208092B1DF8034C00C35F52 /* bikeStationsIcon.png */; };
		9208092F1DF8269200C35F52 /* BlankPageVC.swift in Sources */ = {isa = PBXBuildFile; fileRef = 9208092E1DF8269200C35F52 /* BlankPageVC.swift */; };
		9247DCF81DF6E0F600E393B0 /* CustomAnnotationView.swift in Sources */ = {isa = PBXBuildFile; fileRef = 9247DCF71DF6E0F600E393B0 /* CustomAnnotationView.swift */; };
		9247DCFA1DF6F61C00E393B0 /* Colors.swift in Sources */ = {isa = PBXBuildFile; fileRef = 9247DCF91DF6F61C00E393B0 /* Colors.swift */; };
		9247DCFC1DF7103B00E393B0 /* ContainerViewController.swift in Sources */ = {isa = PBXBuildFile; fileRef = 9247DCFB1DF7103B00E393B0 /* ContainerViewController.swift */; };
		9247DD071DF76C8900E393B0 /* SF-UI-Display-Black.otf in Resources */ = {isa = PBXBuildFile; fileRef = 9247DCFD1DF76C3E00E393B0 /* SF-UI-Display-Black.otf */; };
		9247DD081DF76C8900E393B0 /* SF-UI-Display-Bold.otf in Resources */ = {isa = PBXBuildFile; fileRef = 9247DCFE1DF76C3E00E393B0 /* SF-UI-Display-Bold.otf */; };
		9247DD091DF76C8900E393B0 /* SF-UI-Display-Heavy.otf in Resources */ = {isa = PBXBuildFile; fileRef = 9247DCFF1DF76C3E00E393B0 /* SF-UI-Display-Heavy.otf */; };
		9247DD0A1DF76C8900E393B0 /* SF-UI-Display-Light.otf in Resources */ = {isa = PBXBuildFile; fileRef = 9247DD001DF76C3E00E393B0 /* SF-UI-Display-Light.otf */; };
		9247DD0B1DF76C8900E393B0 /* SF-UI-Display-Medium.otf in Resources */ = {isa = PBXBuildFile; fileRef = 9247DD011DF76C3E00E393B0 /* SF-UI-Display-Medium.otf */; };
		9247DD0C1DF76C8900E393B0 /* SF-UI-Display-Regular.otf in Resources */ = {isa = PBXBuildFile; fileRef = 9247DD021DF76C3E00E393B0 /* SF-UI-Display-Regular.otf */; };
		9247DD0D1DF76C8900E393B0 /* SF-UI-Display-Semibold.otf in Resources */ = {isa = PBXBuildFile; fileRef = 9247DD031DF76C3E00E393B0 /* SF-UI-Display-Semibold.otf */; };
		9247DD0E1DF76C8900E393B0 /* SF-UI-Display-Thin.otf in Resources */ = {isa = PBXBuildFile; fileRef = 9247DD041DF76C3E00E393B0 /* SF-UI-Display-Thin.otf */; };
		9247DD0F1DF76C8900E393B0 /* SF-UI-Display-Ultralight.otf in Resources */ = {isa = PBXBuildFile; fileRef = 9247DD051DF76C3E00E393B0 /* SF-UI-Display-Ultralight.otf */; };
		9247DD111DF76D7F00E393B0 /* Fonts.swift in Sources */ = {isa = PBXBuildFile; fileRef = 9247DD101DF76D7F00E393B0 /* Fonts.swift */; };
		924AA5971CBF8A6800E1AF68 /* TabBarController.swift in Sources */ = {isa = PBXBuildFile; fileRef = 924AA5961CBF8A6800E1AF68 /* TabBarController.swift */; };
		924AA59A1CBF8C2300E1AF68 /* MenuAnimation.swift in Sources */ = {isa = PBXBuildFile; fileRef = 924AA5991CBF8C2300E1AF68 /* MenuAnimation.swift */; };
		924AA59C1CBF916300E1AF68 /* MarkersController.swift in Sources */ = {isa = PBXBuildFile; fileRef = 924AA59B1CBF916300E1AF68 /* MarkersController.swift */; };
		924AA59E1CBF91D200E1AF68 /* LocationController.swift in Sources */ = {isa = PBXBuildFile; fileRef = 924AA59D1CBF91D100E1AF68 /* LocationController.swift */; };
		924AA5A01CBF923F00E1AF68 /* RemoteCallsController.swift in Sources */ = {isa = PBXBuildFile; fileRef = 924AA59F1CBF923F00E1AF68 /* RemoteCallsController.swift */; };
		92876C091C92FD5800BB6BDA /* AppDelegate.swift in Sources */ = {isa = PBXBuildFile; fileRef = 92876C081C92FD5800BB6BDA /* AppDelegate.swift */; };
		92876C0B1C92FD5800BB6BDA /* MapViewController.swift in Sources */ = {isa = PBXBuildFile; fileRef = 92876C0A1C92FD5800BB6BDA /* MapViewController.swift */; };
		92876C0E1C92FD5800BB6BDA /* Main.storyboard in Resources */ = {isa = PBXBuildFile; fileRef = 92876C0C1C92FD5800BB6BDA /* Main.storyboard */; };
		92876C101C92FD5800BB6BDA /* Assets.xcassets in Resources */ = {isa = PBXBuildFile; fileRef = 92876C0F1C92FD5800BB6BDA /* Assets.xcassets */; };
		92876C131C92FD5800BB6BDA /* LaunchScreen.storyboard in Resources */ = {isa = PBXBuildFile; fileRef = 92876C111C92FD5800BB6BDA /* LaunchScreen.storyboard */; };
		92876C1E1C92FD5800BB6BDA /* pedalaMITests.swift in Sources */ = {isa = PBXBuildFile; fileRef = 92876C1D1C92FD5800BB6BDA /* pedalaMITests.swift */; };
		92876C291C92FD5800BB6BDA /* pedalaMIUITests.swift in Sources */ = {isa = PBXBuildFile; fileRef = 92876C281C92FD5800BB6BDA /* pedalaMIUITests.swift */; };
		92876C3B1C9300E300BB6BDA /* ServerCallsSDK.swift in Sources */ = {isa = PBXBuildFile; fileRef = 92876C3A1C9300E300BB6BDA /* ServerCallsSDK.swift */; };
		92876C3D1C93431B00BB6BDA /* Station.swift in Sources */ = {isa = PBXBuildFile; fileRef = 92876C3C1C93431B00BB6BDA /* Station.swift */; };
		92876C401C93564200BB6BDA /* ParsingSDK.swift in Sources */ = {isa = PBXBuildFile; fileRef = 92876C3F1C93564200BB6BDA /* ParsingSDK.swift */; };
		92AC2FEA1C9D912A0031223D /* Utilities.swift in Sources */ = {isa = PBXBuildFile; fileRef = 92AC2FE91C9D912A0031223D /* Utilities.swift */; };
		92CA5BC01CCA5F14003DCD40 /* launchScreen.png in Resources */ = {isa = PBXBuildFile; fileRef = 92CA5BB51CCA5F14003DCD40 /* launchScreen.png */; };
		92CA5BC31CCA5F14003DCD40 /* menuClosed.png in Resources */ = {isa = PBXBuildFile; fileRef = 92CA5BB81CCA5F14003DCD40 /* menuClosed.png */; };
		92CA5BC41CCA5F14003DCD40 /* myPosition.png in Resources */ = {isa = PBXBuildFile; fileRef = 92CA5BB91CCA5F14003DCD40 /* myPosition.png */; };
		92DBB46C1C9589CD003BCD1A /* MenuViewController.swift in Sources */ = {isa = PBXBuildFile; fileRef = 92DBB46B1C9589CD003BCD1A /* MenuViewController.swift */; };
		92E41E691CBBF30C0029AA5F /* MenuController.swift in Sources */ = {isa = PBXBuildFile; fileRef = 92E41E681CBBF30C0029AA5F /* MenuController.swift */; };
		92E72A0B1CBD0B8B00410E3C /* bikeSelected.png in Resources */ = {isa = PBXBuildFile; fileRef = 92E729F91CBD0B8B00410E3C /* bikeSelected.png */; };
		92E72A0C1CBD0B8B00410E3C /* bikeUnselected.png in Resources */ = {isa = PBXBuildFile; fileRef = 92E729FA1CBD0B8B00410E3C /* bikeUnselected.png */; };
		92E72A0D1CBD0B8B00410E3C /* eBikeSelected.png in Resources */ = {isa = PBXBuildFile; fileRef = 92E729FB1CBD0B8B00410E3C /* eBikeSelected.png */; };
		92E72A0E1CBD0B8B00410E3C /* eBikeUnselected.png in Resources */ = {isa = PBXBuildFile; fileRef = 92E729FC1CBD0B8B00410E3C /* eBikeUnselected.png */; };
		92E72A151CBD0B8B00410E3C /* rectangleBike.png in Resources */ = {isa = PBXBuildFile; fileRef = 92E72A031CBD0B8B00410E3C /* rectangleBike.png */; };
		92E72A161CBD0B8B00410E3C /* rectangleEBike.png in Resources */ = {isa = PBXBuildFile; fileRef = 92E72A041CBD0B8B00410E3C /* rectangleEBike.png */; };
		92E72A171CBD0B8B00410E3C /* rectangleSlot.png in Resources */ = {isa = PBXBuildFile; fileRef = 92E72A051CBD0B8B00410E3C /* rectangleSlot.png */; };
		92E72A1B1CBD0B8B00410E3C /* slotSelected.png in Resources */ = {isa = PBXBuildFile; fileRef = 92E72A091CBD0B8B00410E3C /* slotSelected.png */; };
		92E72A1C1CBD0B8B00410E3C /* slotUnselected.png in Resources */ = {isa = PBXBuildFile; fileRef = 92E72A0A1CBD0B8B00410E3C /* slotUnselected.png */; };
		92E72A2A1CBE3CDD00410E3C /* tapWaterXML.swift in Sources */ = {isa = PBXBuildFile; fileRef = 92E72A291CBE3CDD00410E3C /* tapWaterXML.swift */; };
		92E72A2C1CBE47DF00410E3C /* TapWaterPoint.swift in Sources */ = {isa = PBXBuildFile; fileRef = 92E72A2B1CBE47DF00410E3C /* TapWaterPoint.swift */; };
		92E72A2E1CBE735400410E3C /* pinTapWater.png in Resources */ = {isa = PBXBuildFile; fileRef = 92E72A2D1CBE735400410E3C /* pinTapWater.png */; };
		FFF36533355691DC62B48529 /* Pods_pedalaMI.framework in Frameworks */ = {isa = PBXBuildFile; fileRef = E7F26B0DE07BE80A0002A755 /* Pods_pedalaMI.framework */; };
/* End PBXBuildFile section */

/* Begin PBXContainerItemProxy section */
		92876C1A1C92FD5800BB6BDA /* PBXContainerItemProxy */ = {
			isa = PBXContainerItemProxy;
			containerPortal = 92876BFD1C92FD5800BB6BDA /* Project object */;
			proxyType = 1;
			remoteGlobalIDString = 92876C041C92FD5800BB6BDA;
			remoteInfo = iBici;
		};
		92876C251C92FD5800BB6BDA /* PBXContainerItemProxy */ = {
			isa = PBXContainerItemProxy;
			containerPortal = 92876BFD1C92FD5800BB6BDA /* Project object */;
			proxyType = 1;
			remoteGlobalIDString = 92876C041C92FD5800BB6BDA;
			remoteInfo = iBici;
		};
/* End PBXContainerItemProxy section */

/* Begin PBXFileReference section */
		50EF363278E59294DA9A25A8 /* Pods-pedalaMI.release.xcconfig */ = {isa = PBXFileReference; includeInIndex = 1; lastKnownFileType = text.xcconfig; name = "Pods-pedalaMI.release.xcconfig"; path = "Pods/Target Support Files/Pods-pedalaMI/Pods-pedalaMI.release.xcconfig"; sourceTree = "<group>"; };
		552D1787035DDF9BD9529118 /* Pods-pedalaMIUITests.release.xcconfig */ = {isa = PBXFileReference; includeInIndex = 1; lastKnownFileType = text.xcconfig; name = "Pods-pedalaMIUITests.release.xcconfig"; path = "Pods/Target Support Files/Pods-pedalaMIUITests/Pods-pedalaMIUITests.release.xcconfig"; sourceTree = "<group>"; };
		8E83B4EEE28A4BDFB4640EE0 /* Pods.framework */ = {isa = PBXFileReference; explicitFileType = wrapper.framework; includeInIndex = 0; path = Pods.framework; sourceTree = BUILT_PRODUCTS_DIR; };
		920809251DF801AE00C35F52 /* refreshClosed.png */ = {isa = PBXFileReference; lastKnownFileType = image.png; name = refreshClosed.png; path = graphics/refreshClosed.png; sourceTree = "<group>"; };
		920809271DF8021A00C35F52 /* bikePathsIcon.png */ = {isa = PBXFileReference; lastKnownFileType = image.png; name = bikePathsIcon.png; path = graphics/bikePathsIcon.png; sourceTree = "<group>"; };
		920809281DF8021A00C35F52 /* paveIcon.png */ = {isa = PBXFileReference; lastKnownFileType = image.png; name = paveIcon.png; path = graphics/paveIcon.png; sourceTree = "<group>"; };
		9208092B1DF8034C00C35F52 /* bikeStationsIcon.png */ = {isa = PBXFileReference; lastKnownFileType = image.png; name = bikeStationsIcon.png; path = graphics/bikeStationsIcon.png; sourceTree = "<group>"; };
		9208092E1DF8269200C35F52 /* BlankPageVC.swift */ = {isa = PBXFileReference; fileEncoding = 4; lastKnownFileType = sourcecode.swift; path = BlankPageVC.swift; sourceTree = "<group>"; };
		9247DCF71DF6E0F600E393B0 /* CustomAnnotationView.swift */ = {isa = PBXFileReference; fileEncoding = 4; lastKnownFileType = sourcecode.swift; path = CustomAnnotationView.swift; sourceTree = "<group>"; };
		9247DCF91DF6F61C00E393B0 /* Colors.swift */ = {isa = PBXFileReference; fileEncoding = 4; lastKnownFileType = sourcecode.swift; path = Colors.swift; sourceTree = "<group>"; };
		9247DCFB1DF7103B00E393B0 /* ContainerViewController.swift */ = {isa = PBXFileReference; fileEncoding = 4; lastKnownFileType = sourcecode.swift; path = ContainerViewController.swift; sourceTree = "<group>"; };
		9247DCFD1DF76C3E00E393B0 /* SF-UI-Display-Black.otf */ = {isa = PBXFileReference; lastKnownFileType = file; name = "SF-UI-Display-Black.otf"; path = "iBici/SF-UI-Display-Black.otf"; sourceTree = "<group>"; };
		9247DCFE1DF76C3E00E393B0 /* SF-UI-Display-Bold.otf */ = {isa = PBXFileReference; lastKnownFileType = file; name = "SF-UI-Display-Bold.otf"; path = "iBici/SF-UI-Display-Bold.otf"; sourceTree = "<group>"; };
		9247DCFF1DF76C3E00E393B0 /* SF-UI-Display-Heavy.otf */ = {isa = PBXFileReference; lastKnownFileType = file; name = "SF-UI-Display-Heavy.otf"; path = "iBici/SF-UI-Display-Heavy.otf"; sourceTree = "<group>"; };
		9247DD001DF76C3E00E393B0 /* SF-UI-Display-Light.otf */ = {isa = PBXFileReference; lastKnownFileType = file; name = "SF-UI-Display-Light.otf"; path = "iBici/SF-UI-Display-Light.otf"; sourceTree = "<group>"; };
		9247DD011DF76C3E00E393B0 /* SF-UI-Display-Medium.otf */ = {isa = PBXFileReference; lastKnownFileType = file; name = "SF-UI-Display-Medium.otf"; path = "iBici/SF-UI-Display-Medium.otf"; sourceTree = "<group>"; };
		9247DD021DF76C3E00E393B0 /* SF-UI-Display-Regular.otf */ = {isa = PBXFileReference; lastKnownFileType = file; name = "SF-UI-Display-Regular.otf"; path = "iBici/SF-UI-Display-Regular.otf"; sourceTree = "<group>"; };
		9247DD031DF76C3E00E393B0 /* SF-UI-Display-Semibold.otf */ = {isa = PBXFileReference; lastKnownFileType = file; name = "SF-UI-Display-Semibold.otf"; path = "iBici/SF-UI-Display-Semibold.otf"; sourceTree = "<group>"; };
		9247DD041DF76C3E00E393B0 /* SF-UI-Display-Thin.otf */ = {isa = PBXFileReference; lastKnownFileType = file; name = "SF-UI-Display-Thin.otf"; path = "iBici/SF-UI-Display-Thin.otf"; sourceTree = "<group>"; };
		9247DD051DF76C3E00E393B0 /* SF-UI-Display-Ultralight.otf */ = {isa = PBXFileReference; lastKnownFileType = file; name = "SF-UI-Display-Ultralight.otf"; path = "iBici/SF-UI-Display-Ultralight.otf"; sourceTree = "<group>"; };
		9247DD101DF76D7F00E393B0 /* Fonts.swift */ = {isa = PBXFileReference; fileEncoding = 4; lastKnownFileType = sourcecode.swift; path = Fonts.swift; sourceTree = "<group>"; };
		924AA5961CBF8A6800E1AF68 /* TabBarController.swift */ = {isa = PBXFileReference; fileEncoding = 4; lastKnownFileType = sourcecode.swift; path = TabBarController.swift; sourceTree = "<group>"; };
		924AA5991CBF8C2300E1AF68 /* MenuAnimation.swift */ = {isa = PBXFileReference; fileEncoding = 4; lastKnownFileType = sourcecode.swift; path = MenuAnimation.swift; sourceTree = "<group>"; };
		924AA59B1CBF916300E1AF68 /* MarkersController.swift */ = {isa = PBXFileReference; fileEncoding = 4; lastKnownFileType = sourcecode.swift; path = MarkersController.swift; sourceTree = "<group>"; };
		924AA59D1CBF91D100E1AF68 /* LocationController.swift */ = {isa = PBXFileReference; fileEncoding = 4; lastKnownFileType = sourcecode.swift; path = LocationController.swift; sourceTree = "<group>"; };
		924AA59F1CBF923F00E1AF68 /* RemoteCallsController.swift */ = {isa = PBXFileReference; fileEncoding = 4; lastKnownFileType = sourcecode.swift; path = RemoteCallsController.swift; sourceTree = "<group>"; };
		92876C051C92FD5800BB6BDA /* pedalaMI.app */ = {isa = PBXFileReference; explicitFileType = wrapper.application; includeInIndex = 0; path = pedalaMI.app; sourceTree = BUILT_PRODUCTS_DIR; };
		92876C081C92FD5800BB6BDA /* AppDelegate.swift */ = {isa = PBXFileReference; lastKnownFileType = sourcecode.swift; path = AppDelegate.swift; sourceTree = "<group>"; };
		92876C0A1C92FD5800BB6BDA /* MapViewController.swift */ = {isa = PBXFileReference; lastKnownFileType = sourcecode.swift; path = MapViewController.swift; sourceTree = "<group>"; };
		92876C0D1C92FD5800BB6BDA /* Base */ = {isa = PBXFileReference; lastKnownFileType = file.storyboard; name = Base; path = Base.lproj/Main.storyboard; sourceTree = "<group>"; };
		92876C0F1C92FD5800BB6BDA /* Assets.xcassets */ = {isa = PBXFileReference; lastKnownFileType = folder.assetcatalog; path = Assets.xcassets; sourceTree = "<group>"; };
		92876C121C92FD5800BB6BDA /* Base */ = {isa = PBXFileReference; lastKnownFileType = file.storyboard; name = Base; path = Base.lproj/LaunchScreen.storyboard; sourceTree = "<group>"; };
		92876C141C92FD5800BB6BDA /* Info.plist */ = {isa = PBXFileReference; lastKnownFileType = text.plist.xml; path = Info.plist; sourceTree = "<group>"; };
		92876C191C92FD5800BB6BDA /* pedalaMI.xctest */ = {isa = PBXFileReference; explicitFileType = wrapper.cfbundle; includeInIndex = 0; path = pedalaMI.xctest; sourceTree = BUILT_PRODUCTS_DIR; };
		92876C1D1C92FD5800BB6BDA /* pedalaMITests.swift */ = {isa = PBXFileReference; lastKnownFileType = sourcecode.swift; path = pedalaMITests.swift; sourceTree = "<group>"; };
		92876C1F1C92FD5800BB6BDA /* Info.plist */ = {isa = PBXFileReference; lastKnownFileType = text.plist.xml; path = Info.plist; sourceTree = "<group>"; };
		92876C241C92FD5800BB6BDA /* pedalaMI.xctest */ = {isa = PBXFileReference; explicitFileType = wrapper.cfbundle; includeInIndex = 0; path = pedalaMI.xctest; sourceTree = BUILT_PRODUCTS_DIR; };
		92876C281C92FD5800BB6BDA /* pedalaMIUITests.swift */ = {isa = PBXFileReference; lastKnownFileType = sourcecode.swift; path = pedalaMIUITests.swift; sourceTree = "<group>"; };
		92876C2A1C92FD5800BB6BDA /* Info.plist */ = {isa = PBXFileReference; lastKnownFileType = text.plist.xml; path = Info.plist; sourceTree = "<group>"; };
		92876C3A1C9300E300BB6BDA /* ServerCallsSDK.swift */ = {isa = PBXFileReference; fileEncoding = 4; lastKnownFileType = sourcecode.swift; path = ServerCallsSDK.swift; sourceTree = "<group>"; };
		92876C3C1C93431B00BB6BDA /* Station.swift */ = {isa = PBXFileReference; fileEncoding = 4; lastKnownFileType = sourcecode.swift; path = Station.swift; sourceTree = "<group>"; };
		92876C3F1C93564200BB6BDA /* ParsingSDK.swift */ = {isa = PBXFileReference; fileEncoding = 4; lastKnownFileType = sourcecode.swift; path = ParsingSDK.swift; sourceTree = "<group>"; };
		92AC2FE91C9D912A0031223D /* Utilities.swift */ = {isa = PBXFileReference; fileEncoding = 4; lastKnownFileType = sourcecode.swift; path = Utilities.swift; sourceTree = "<group>"; };
		92CA5BB51CCA5F14003DCD40 /* launchScreen.png */ = {isa = PBXFileReference; lastKnownFileType = image.png; name = launchScreen.png; path = graphics/launchScreen.png; sourceTree = "<group>"; };
		92CA5BB81CCA5F14003DCD40 /* menuClosed.png */ = {isa = PBXFileReference; lastKnownFileType = image.png; name = menuClosed.png; path = graphics/menuClosed.png; sourceTree = "<group>"; };
		92CA5BB91CCA5F14003DCD40 /* myPosition.png */ = {isa = PBXFileReference; lastKnownFileType = image.png; name = myPosition.png; path = graphics/myPosition.png; sourceTree = "<group>"; };
		92DBB46B1C9589CD003BCD1A /* MenuViewController.swift */ = {isa = PBXFileReference; fileEncoding = 4; lastKnownFileType = sourcecode.swift; path = MenuViewController.swift; sourceTree = "<group>"; };
		92E41E681CBBF30C0029AA5F /* MenuController.swift */ = {isa = PBXFileReference; fileEncoding = 4; lastKnownFileType = sourcecode.swift; path = MenuController.swift; sourceTree = "<group>"; };
		92E729F91CBD0B8B00410E3C /* bikeSelected.png */ = {isa = PBXFileReference; lastKnownFileType = image.png; name = bikeSelected.png; path = graphics/bikeSelected.png; sourceTree = "<group>"; };
		92E729FA1CBD0B8B00410E3C /* bikeUnselected.png */ = {isa = PBXFileReference; lastKnownFileType = image.png; name = bikeUnselected.png; path = graphics/bikeUnselected.png; sourceTree = "<group>"; };
		92E729FB1CBD0B8B00410E3C /* eBikeSelected.png */ = {isa = PBXFileReference; lastKnownFileType = image.png; name = eBikeSelected.png; path = graphics/eBikeSelected.png; sourceTree = "<group>"; };
		92E729FC1CBD0B8B00410E3C /* eBikeUnselected.png */ = {isa = PBXFileReference; lastKnownFileType = image.png; name = eBikeUnselected.png; path = graphics/eBikeUnselected.png; sourceTree = "<group>"; };
		92E72A031CBD0B8B00410E3C /* rectangleBike.png */ = {isa = PBXFileReference; lastKnownFileType = image.png; name = rectangleBike.png; path = graphics/rectangleBike.png; sourceTree = "<group>"; };
		92E72A041CBD0B8B00410E3C /* rectangleEBike.png */ = {isa = PBXFileReference; lastKnownFileType = image.png; name = rectangleEBike.png; path = graphics/rectangleEBike.png; sourceTree = "<group>"; };
		92E72A051CBD0B8B00410E3C /* rectangleSlot.png */ = {isa = PBXFileReference; lastKnownFileType = image.png; name = rectangleSlot.png; path = graphics/rectangleSlot.png; sourceTree = "<group>"; };
		92E72A091CBD0B8B00410E3C /* slotSelected.png */ = {isa = PBXFileReference; lastKnownFileType = image.png; name = slotSelected.png; path = graphics/slotSelected.png; sourceTree = "<group>"; };
		92E72A0A1CBD0B8B00410E3C /* slotUnselected.png */ = {isa = PBXFileReference; lastKnownFileType = image.png; name = slotUnselected.png; path = graphics/slotUnselected.png; sourceTree = "<group>"; };
		92E72A291CBE3CDD00410E3C /* tapWaterXML.swift */ = {isa = PBXFileReference; fileEncoding = 4; lastKnownFileType = sourcecode.swift; name = tapWaterXML.swift; path = ../tapWaterXML.swift; sourceTree = "<group>"; };
		92E72A2B1CBE47DF00410E3C /* TapWaterPoint.swift */ = {isa = PBXFileReference; fileEncoding = 4; lastKnownFileType = sourcecode.swift; path = TapWaterPoint.swift; sourceTree = "<group>"; };
		92E72A2D1CBE735400410E3C /* pinTapWater.png */ = {isa = PBXFileReference; lastKnownFileType = image.png; name = pinTapWater.png; path = graphics/pinTapWater.png; sourceTree = "<group>"; };
		9FA657FEA71FCD5CF1B0984A /* Pods_pedalaMITests.framework */ = {isa = PBXFileReference; explicitFileType = wrapper.framework; includeInIndex = 0; path = Pods_pedalaMITests.framework; sourceTree = BUILT_PRODUCTS_DIR; };
		A751D30C2AB614D416A95C99 /* Pods-pedalaMI.debug.xcconfig */ = {isa = PBXFileReference; includeInIndex = 1; lastKnownFileType = text.xcconfig; name = "Pods-pedalaMI.debug.xcconfig"; path = "Pods/Target Support Files/Pods-pedalaMI/Pods-pedalaMI.debug.xcconfig"; sourceTree = "<group>"; };
		B4B4EE5C98F578AAFE15765D /* Pods_pedalaMIUITests.framework */ = {isa = PBXFileReference; explicitFileType = wrapper.framework; includeInIndex = 0; path = Pods_pedalaMIUITests.framework; sourceTree = BUILT_PRODUCTS_DIR; };
		BF0C14CBF493A9FA0CF69FBC /* Pods-pedalaMIUITests.debug.xcconfig */ = {isa = PBXFileReference; includeInIndex = 1; lastKnownFileType = text.xcconfig; name = "Pods-pedalaMIUITests.debug.xcconfig"; path = "Pods/Target Support Files/Pods-pedalaMIUITests/Pods-pedalaMIUITests.debug.xcconfig"; sourceTree = "<group>"; };
		E7F26B0DE07BE80A0002A755 /* Pods_pedalaMI.framework */ = {isa = PBXFileReference; explicitFileType = wrapper.framework; includeInIndex = 0; path = Pods_pedalaMI.framework; sourceTree = BUILT_PRODUCTS_DIR; };
		F7A0CF12CA2FAB6BC15CFBD6 /* Pods-pedalaMITests.debug.xcconfig */ = {isa = PBXFileReference; includeInIndex = 1; lastKnownFileType = text.xcconfig; name = "Pods-pedalaMITests.debug.xcconfig"; path = "Pods/Target Support Files/Pods-pedalaMITests/Pods-pedalaMITests.debug.xcconfig"; sourceTree = "<group>"; };
		FF0FAE6741D87908DE1A70B9 /* Pods-pedalaMITests.release.xcconfig */ = {isa = PBXFileReference; includeInIndex = 1; lastKnownFileType = text.xcconfig; name = "Pods-pedalaMITests.release.xcconfig"; path = "Pods/Target Support Files/Pods-pedalaMITests/Pods-pedalaMITests.release.xcconfig"; sourceTree = "<group>"; };
/* End PBXFileReference section */

/* Begin PBXFrameworksBuildPhase section */
		92876C021C92FD5800BB6BDA /* Frameworks */ = {
			isa = PBXFrameworksBuildPhase;
			buildActionMask = 2147483647;
			files = (
				FFF36533355691DC62B48529 /* Pods_pedalaMI.framework in Frameworks */,
			);
			runOnlyForDeploymentPostprocessing = 0;
		};
		92876C161C92FD5800BB6BDA /* Frameworks */ = {
			isa = PBXFrameworksBuildPhase;
			buildActionMask = 2147483647;
			files = (
				47A75D9E3C6B918FCAE8F726 /* Pods_pedalaMITests.framework in Frameworks */,
			);
			runOnlyForDeploymentPostprocessing = 0;
		};
		92876C211C92FD5800BB6BDA /* Frameworks */ = {
			isa = PBXFrameworksBuildPhase;
			buildActionMask = 2147483647;
			files = (
				80B7915E4EE7CEF2BC638FEB /* Pods_pedalaMIUITests.framework in Frameworks */,
			);
			runOnlyForDeploymentPostprocessing = 0;
		};
/* End PBXFrameworksBuildPhase section */

/* Begin PBXGroup section */
		0BC4F88CECFE1B3D63CC5427 /* Pods */ = {
			isa = PBXGroup;
			children = (
				A751D30C2AB614D416A95C99 /* Pods-pedalaMI.debug.xcconfig */,
				50EF363278E59294DA9A25A8 /* Pods-pedalaMI.release.xcconfig */,
				F7A0CF12CA2FAB6BC15CFBD6 /* Pods-pedalaMITests.debug.xcconfig */,
				FF0FAE6741D87908DE1A70B9 /* Pods-pedalaMITests.release.xcconfig */,
				BF0C14CBF493A9FA0CF69FBC /* Pods-pedalaMIUITests.debug.xcconfig */,
				552D1787035DDF9BD9529118 /* Pods-pedalaMIUITests.release.xcconfig */,
			);
			name = Pods;
			sourceTree = "<group>";
		};
		535345085F8DA77C3A9F854D /* Frameworks */ = {
			isa = PBXGroup;
			children = (
				8E83B4EEE28A4BDFB4640EE0 /* Pods.framework */,
				E7F26B0DE07BE80A0002A755 /* Pods_pedalaMI.framework */,
				9FA657FEA71FCD5CF1B0984A /* Pods_pedalaMITests.framework */,
				B4B4EE5C98F578AAFE15765D /* Pods_pedalaMIUITests.framework */,
			);
			name = Frameworks;
			sourceTree = "<group>";
		};
		9208092D1DF8035200C35F52 /* icons */ = {
			isa = PBXGroup;
			children = (
				920809271DF8021A00C35F52 /* bikePathsIcon.png */,
				9208092B1DF8034C00C35F52 /* bikeStationsIcon.png */,
				920809281DF8021A00C35F52 /* paveIcon.png */,
			);
			name = icons;
			sourceTree = "<group>";
		};
		9247DD061DF76C4200E393B0 /* Fonts */ = {
			isa = PBXGroup;
			children = (
				9247DCFD1DF76C3E00E393B0 /* SF-UI-Display-Black.otf */,
				9247DCFE1DF76C3E00E393B0 /* SF-UI-Display-Bold.otf */,
				9247DCFF1DF76C3E00E393B0 /* SF-UI-Display-Heavy.otf */,
				9247DD001DF76C3E00E393B0 /* SF-UI-Display-Light.otf */,
				9247DD011DF76C3E00E393B0 /* SF-UI-Display-Medium.otf */,
				9247DD021DF76C3E00E393B0 /* SF-UI-Display-Regular.otf */,
				9247DD031DF76C3E00E393B0 /* SF-UI-Display-Semibold.otf */,
				9247DD041DF76C3E00E393B0 /* SF-UI-Display-Thin.otf */,
				9247DD051DF76C3E00E393B0 /* SF-UI-Display-Ultralight.otf */,
			);
			name = Fonts;
			sourceTree = "<group>";
		};
		924AA5921CBF89D100E1AF68 /* SDK */ = {
			isa = PBXGroup;
			children = (
				92876C3F1C93564200BB6BDA /* ParsingSDK.swift */,
				92876C3A1C9300E300BB6BDA /* ServerCallsSDK.swift */,
			);
			name = SDK;
			sourceTree = "<group>";
		};
		924AA5931CBF8A0800E1AF68 /* MapViewController */ = {
			isa = PBXGroup;
			children = (
				924AA59D1CBF91D100E1AF68 /* LocationController.swift */,
				92876C0A1C92FD5800BB6BDA /* MapViewController.swift */,
				924AA59B1CBF916300E1AF68 /* MarkersController.swift */,
				9247DCF71DF6E0F600E393B0 /* CustomAnnotationView.swift */,
				924AA59F1CBF923F00E1AF68 /* RemoteCallsController.swift */,
				924AA5981CBF8C1100E1AF68 /* Menu */,
				924AA5961CBF8A6800E1AF68 /* TabBarController.swift */,
			);
			name = MapViewController;
			sourceTree = "<group>";
		};
		924AA5941CBF8A2800E1AF68 /* Utilities */ = {
			isa = PBXGroup;
			children = (
				92E72A291CBE3CDD00410E3C /* tapWaterXML.swift */,
				9247DCF91DF6F61C00E393B0 /* Colors.swift */,
				9247DD101DF76D7F00E393B0 /* Fonts.swift */,
				92AC2FE91C9D912A0031223D /* Utilities.swift */,
			);
			name = Utilities;
			sourceTree = "<group>";
		};
		924AA5951CBF8A3600E1AF68 /* System */ = {
			isa = PBXGroup;
			children = (
				92876C0F1C92FD5800BB6BDA /* Assets.xcassets */,
				92876C111C92FD5800BB6BDA /* LaunchScreen.storyboard */,
				92876C141C92FD5800BB6BDA /* Info.plist */,
			);
			name = System;
			sourceTree = "<group>";
		};
		924AA5981CBF8C1100E1AF68 /* Menu */ = {
			isa = PBXGroup;
			children = (
				92E41E681CBBF30C0029AA5F /* MenuController.swift */,
				924AA5991CBF8C2300E1AF68 /* MenuAnimation.swift */,
			);
			name = Menu;
			sourceTree = "<group>";
		};
		92876BFC1C92FD5800BB6BDA = {
			isa = PBXGroup;
			children = (
				92876C071C92FD5800BB6BDA /* pedalaMI */,
				92876C1C1C92FD5800BB6BDA /* pedalaMITests */,
				92876C271C92FD5800BB6BDA /* pedalaMIUITests */,
				92876C471C935F3500BB6BDA /* graphics */,
				9247DD061DF76C4200E393B0 /* Fonts */,
				92876C061C92FD5800BB6BDA /* Products */,
				535345085F8DA77C3A9F854D /* Frameworks */,
				0BC4F88CECFE1B3D63CC5427 /* Pods */,
			);
			sourceTree = "<group>";
		};
		92876C061C92FD5800BB6BDA /* Products */ = {
			isa = PBXGroup;
			children = (
				92876C051C92FD5800BB6BDA /* pedalaMI.app */,
				92876C191C92FD5800BB6BDA /* pedalaMI.xctest */,
				92876C241C92FD5800BB6BDA /* pedalaMI.xctest */,
			);
			name = Products;
			sourceTree = "<group>";
		};
		92876C071C92FD5800BB6BDA /* pedalaMI */ = {
			isa = PBXGroup;
			children = (
				92876C0C1C92FD5800BB6BDA /* Main.storyboard */,
				9208092E1DF8269200C35F52 /* BlankPageVC.swift */,
				92876C081C92FD5800BB6BDA /* AppDelegate.swift */,
				92876C3E1C93432400BB6BDA /* Classes */,
				924AA5931CBF8A0800E1AF68 /* MapViewController */,
				924AA5921CBF89D100E1AF68 /* SDK */,
				924AA5941CBF8A2800E1AF68 /* Utilities */,
				924AA5951CBF8A3600E1AF68 /* System */,
				92DBB46B1C9589CD003BCD1A /* MenuViewController.swift */,
				9247DCFB1DF7103B00E393B0 /* ContainerViewController.swift */,
			);
			name = pedalaMI;
			path = iBici;
			sourceTree = "<group>";
		};
		92876C1C1C92FD5800BB6BDA /* pedalaMITests */ = {
			isa = PBXGroup;
			children = (
				92876C1D1C92FD5800BB6BDA /* pedalaMITests.swift */,
				92876C1F1C92FD5800BB6BDA /* Info.plist */,
			);
			name = pedalaMITests;
			path = iBiciTests;
			sourceTree = "<group>";
		};
		92876C271C92FD5800BB6BDA /* pedalaMIUITests */ = {
			isa = PBXGroup;
			children = (
				92876C281C92FD5800BB6BDA /* pedalaMIUITests.swift */,
				92876C2A1C92FD5800BB6BDA /* Info.plist */,
			);
			name = pedalaMIUITests;
			path = iBiciUITests;
			sourceTree = "<group>";
		};
		92876C3E1C93432400BB6BDA /* Classes */ = {
			isa = PBXGroup;
			children = (
				92876C3C1C93431B00BB6BDA /* Station.swift */,
				92E72A2B1CBE47DF00410E3C /* TapWaterPoint.swift */,
			);
			name = Classes;
			sourceTree = "<group>";
		};
		92876C471C935F3500BB6BDA /* graphics */ = {
			isa = PBXGroup;
			children = (
				92CA5BB51CCA5F14003DCD40 /* launchScreen.png */,
				920809251DF801AE00C35F52 /* refreshClosed.png */,
				92CA5BB81CCA5F14003DCD40 /* menuClosed.png */,
				92CA5BB91CCA5F14003DCD40 /* myPosition.png */,
				9208092D1DF8035200C35F52 /* icons */,
				92CA5BA21CCA31FC003DCD40 /* pin */,
				92CA5BA11CCA31C8003DCD40 /* tabBar */,
			);
			name = graphics;
			sourceTree = "<group>";
		};
		92CA5BA11CCA31C8003DCD40 /* tabBar */ = {
			isa = PBXGroup;
			children = (
				92E729F91CBD0B8B00410E3C /* bikeSelected.png */,
				92E729FA1CBD0B8B00410E3C /* bikeUnselected.png */,
				92E729FB1CBD0B8B00410E3C /* eBikeSelected.png */,
				92E729FC1CBD0B8B00410E3C /* eBikeUnselected.png */,
				92E72A031CBD0B8B00410E3C /* rectangleBike.png */,
				92E72A041CBD0B8B00410E3C /* rectangleEBike.png */,
				92E72A051CBD0B8B00410E3C /* rectangleSlot.png */,
				92E72A091CBD0B8B00410E3C /* slotSelected.png */,
				92E72A0A1CBD0B8B00410E3C /* slotUnselected.png */,
			);
			name = tabBar;
			sourceTree = "<group>";
		};
		92CA5BA21CCA31FC003DCD40 /* pin */ = {
			isa = PBXGroup;
			children = (
				92E72A2D1CBE735400410E3C /* pinTapWater.png */,
			);
			name = pin;
			sourceTree = "<group>";
		};
/* End PBXGroup section */

/* Begin PBXNativeTarget section */
		92876C041C92FD5800BB6BDA /* pedalaMI */ = {
			isa = PBXNativeTarget;
			buildConfigurationList = 92876C2D1C92FD5800BB6BDA /* Build configuration list for PBXNativeTarget "pedalaMI" */;
			buildPhases = (
				7E6E7E629E5EBE1C432DD5C1 /* [CP] Check Pods Manifest.lock */,
				92876C011C92FD5800BB6BDA /* Sources */,
				92876C021C92FD5800BB6BDA /* Frameworks */,
				92876C031C92FD5800BB6BDA /* Resources */,
				E794CE253821FF2805957153 /* [CP] Embed Pods Frameworks */,
				32E2837092C54D7CBA22A368 /* [CP] Copy Pods Resources */,
				920809301DF851B200C35F52 /* ShellScript */,
			);
			buildRules = (
			);
			dependencies = (
			);
			name = pedalaMI;
			productName = iBici;
			productReference = 92876C051C92FD5800BB6BDA /* pedalaMI.app */;
			productType = "com.apple.product-type.application";
		};
		92876C181C92FD5800BB6BDA /* pedalaMITests */ = {
			isa = PBXNativeTarget;
			buildConfigurationList = 92876C301C92FD5800BB6BDA /* Build configuration list for PBXNativeTarget "pedalaMITests" */;
			buildPhases = (
				C8097D49D3B8A2F4C72686B6 /* [CP] Check Pods Manifest.lock */,
				92876C151C92FD5800BB6BDA /* Sources */,
				92876C161C92FD5800BB6BDA /* Frameworks */,
				92876C171C92FD5800BB6BDA /* Resources */,
				8AAC6A7990956E03848C7E13 /* [CP] Embed Pods Frameworks */,
				9396533C66FCBFD1CEF9654D /* [CP] Copy Pods Resources */,
			);
			buildRules = (
			);
			dependencies = (
				92876C1B1C92FD5800BB6BDA /* PBXTargetDependency */,
			);
			name = pedalaMITests;
			productName = iBiciTests;
			productReference = 92876C191C92FD5800BB6BDA /* pedalaMI.xctest */;
			productType = "com.apple.product-type.bundle.unit-test";
		};
		92876C231C92FD5800BB6BDA /* pedalaMIUITests */ = {
			isa = PBXNativeTarget;
			buildConfigurationList = 92876C331C92FD5800BB6BDA /* Build configuration list for PBXNativeTarget "pedalaMIUITests" */;
			buildPhases = (
				6247B118D84538B5D16BC53D /* [CP] Check Pods Manifest.lock */,
				92876C201C92FD5800BB6BDA /* Sources */,
				92876C211C92FD5800BB6BDA /* Frameworks */,
				92876C221C92FD5800BB6BDA /* Resources */,
				B102F9A0A08E4AF55A281311 /* [CP] Copy Pods Resources */,
			);
			buildRules = (
			);
			dependencies = (
				92876C261C92FD5800BB6BDA /* PBXTargetDependency */,
			);
			name = pedalaMIUITests;
			productName = iBiciUITests;
			productReference = 92876C241C92FD5800BB6BDA /* pedalaMI.xctest */;
			productType = "com.apple.product-type.bundle.ui-testing";
		};
/* End PBXNativeTarget section */

/* Begin PBXProject section */
		92876BFD1C92FD5800BB6BDA /* Project object */ = {
			isa = PBXProject;
			attributes = {
				LastSwiftUpdateCheck = 0720;
				LastUpgradeCheck = 0720;
				ORGANIZATIONNAME = IvanoRotondo;
				TargetAttributes = {
					92876C041C92FD5800BB6BDA = {
						CreatedOnToolsVersion = 7.2.1;
						DevelopmentTeam = 859SCUZ2L4;
					};
					92876C181C92FD5800BB6BDA = {
						CreatedOnToolsVersion = 7.2.1;
						TestTargetID = 92876C041C92FD5800BB6BDA;
					};
					92876C231C92FD5800BB6BDA = {
						CreatedOnToolsVersion = 7.2.1;
						TestTargetID = 92876C041C92FD5800BB6BDA;
					};
				};
			};
			buildConfigurationList = 92876C001C92FD5800BB6BDA /* Build configuration list for PBXProject "pedalaMI" */;
			compatibilityVersion = "Xcode 3.2";
			developmentRegion = English;
			hasScannedForEncodings = 0;
			knownRegions = (
				en,
				Base,
			);
			mainGroup = 92876BFC1C92FD5800BB6BDA;
			productRefGroup = 92876C061C92FD5800BB6BDA /* Products */;
			projectDirPath = "";
			projectRoot = "";
			targets = (
				92876C041C92FD5800BB6BDA /* pedalaMI */,
				92876C181C92FD5800BB6BDA /* pedalaMITests */,
				92876C231C92FD5800BB6BDA /* pedalaMIUITests */,
			);
		};
/* End PBXProject section */

/* Begin PBXResourcesBuildPhase section */
		92876C031C92FD5800BB6BDA /* Resources */ = {
			isa = PBXResourcesBuildPhase;
			buildActionMask = 2147483647;
			files = (
				92E72A151CBD0B8B00410E3C /* rectangleBike.png in Resources */,
				92E72A2E1CBE735400410E3C /* pinTapWater.png in Resources */,
				92876C131C92FD5800BB6BDA /* LaunchScreen.storyboard in Resources */,
				92E72A1B1CBD0B8B00410E3C /* slotSelected.png in Resources */,
				92E72A161CBD0B8B00410E3C /* rectangleEBike.png in Resources */,
				92CA5BC01CCA5F14003DCD40 /* launchScreen.png in Resources */,
				920809291DF8021A00C35F52 /* bikePathsIcon.png in Resources */,
				92E72A0D1CBD0B8B00410E3C /* eBikeSelected.png in Resources */,
				92876C101C92FD5800BB6BDA /* Assets.xcassets in Resources */,
				9208092C1DF8034C00C35F52 /* bikeStationsIcon.png in Resources */,
				920809261DF801AE00C35F52 /* refreshClosed.png in Resources */,
				92E72A0E1CBD0B8B00410E3C /* eBikeUnselected.png in Resources */,
				92876C0E1C92FD5800BB6BDA /* Main.storyboard in Resources */,
				9208092A1DF8021A00C35F52 /* paveIcon.png in Resources */,
				92CA5BC31CCA5F14003DCD40 /* menuClosed.png in Resources */,
				92E72A0C1CBD0B8B00410E3C /* bikeUnselected.png in Resources */,
				92E72A171CBD0B8B00410E3C /* rectangleSlot.png in Resources */,
				92E72A0B1CBD0B8B00410E3C /* bikeSelected.png in Resources */,
				92E72A1C1CBD0B8B00410E3C /* slotUnselected.png in Resources */,
				92CA5BC41CCA5F14003DCD40 /* myPosition.png in Resources */,
				9247DD071DF76C8900E393B0 /* SF-UI-Display-Black.otf in Resources */,
				9247DD081DF76C8900E393B0 /* SF-UI-Display-Bold.otf in Resources */,
				9247DD091DF76C8900E393B0 /* SF-UI-Display-Heavy.otf in Resources */,
				9247DD0A1DF76C8900E393B0 /* SF-UI-Display-Light.otf in Resources */,
				9247DD0B1DF76C8900E393B0 /* SF-UI-Display-Medium.otf in Resources */,
				9247DD0C1DF76C8900E393B0 /* SF-UI-Display-Regular.otf in Resources */,
				9247DD0D1DF76C8900E393B0 /* SF-UI-Display-Semibold.otf in Resources */,
				9247DD0E1DF76C8900E393B0 /* SF-UI-Display-Thin.otf in Resources */,
				9247DD0F1DF76C8900E393B0 /* SF-UI-Display-Ultralight.otf in Resources */,
			);
			runOnlyForDeploymentPostprocessing = 0;
		};
		92876C171C92FD5800BB6BDA /* Resources */ = {
			isa = PBXResourcesBuildPhase;
			buildActionMask = 2147483647;
			files = (
			);
			runOnlyForDeploymentPostprocessing = 0;
		};
		92876C221C92FD5800BB6BDA /* Resources */ = {
			isa = PBXResourcesBuildPhase;
			buildActionMask = 2147483647;
			files = (
			);
			runOnlyForDeploymentPostprocessing = 0;
		};
/* End PBXResourcesBuildPhase section */

/* Begin PBXShellScriptBuildPhase section */
		32E2837092C54D7CBA22A368 /* [CP] Copy Pods Resources */ = {
			isa = PBXShellScriptBuildPhase;
			buildActionMask = 2147483647;
			files = (
			);
			inputPaths = (
			);
			name = "[CP] Copy Pods Resources";
			outputPaths = (
			);
			runOnlyForDeploymentPostprocessing = 0;
			shellPath = /bin/sh;
			shellScript = "\"${SRCROOT}/Pods/Target Support Files/Pods-pedalaMI/Pods-pedalaMI-resources.sh\"\n";
			showEnvVarsInLog = 0;
		};
		6247B118D84538B5D16BC53D /* [CP] Check Pods Manifest.lock */ = {
			isa = PBXShellScriptBuildPhase;
			buildActionMask = 2147483647;
			files = (
			);
			inputPaths = (
			);
			name = "[CP] Check Pods Manifest.lock";
			outputPaths = (
			);
			runOnlyForDeploymentPostprocessing = 0;
			shellPath = /bin/sh;
			shellScript = "diff \"${PODS_ROOT}/../Podfile.lock\" \"${PODS_ROOT}/Manifest.lock\" > /dev/null\nif [[ $? != 0 ]] ; then\n    cat << EOM\nerror: The sandbox is not in sync with the Podfile.lock. Run 'pod install' or update your CocoaPods installation.\nEOM\n    exit 1\nfi\n";
			showEnvVarsInLog = 0;
		};
		7E6E7E629E5EBE1C432DD5C1 /* [CP] Check Pods Manifest.lock */ = {
			isa = PBXShellScriptBuildPhase;
			buildActionMask = 2147483647;
			files = (
			);
			inputPaths = (
			);
			name = "[CP] Check Pods Manifest.lock";
			outputPaths = (
			);
			runOnlyForDeploymentPostprocessing = 0;
			shellPath = /bin/sh;
			shellScript = "diff \"${PODS_ROOT}/../Podfile.lock\" \"${PODS_ROOT}/Manifest.lock\" > /dev/null\nif [[ $? != 0 ]] ; then\n    cat << EOM\nerror: The sandbox is not in sync with the Podfile.lock. Run 'pod install' or update your CocoaPods installation.\nEOM\n    exit 1\nfi\n";
			showEnvVarsInLog = 0;
		};
		8AAC6A7990956E03848C7E13 /* [CP] Embed Pods Frameworks */ = {
			isa = PBXShellScriptBuildPhase;
			buildActionMask = 2147483647;
			files = (
			);
			inputPaths = (
			);
			name = "[CP] Embed Pods Frameworks";
			outputPaths = (
			);
			runOnlyForDeploymentPostprocessing = 0;
			shellPath = /bin/sh;
			shellScript = "\"${SRCROOT}/Pods/Target Support Files/Pods-pedalaMITests/Pods-pedalaMITests-frameworks.sh\"\n";
			showEnvVarsInLog = 0;
		};
		920809301DF851B200C35F52 /* ShellScript */ = {
			isa = PBXShellScriptBuildPhase;
			buildActionMask = 2147483647;
			files = (
			);
			inputPaths = (
			);
			outputPaths = (
			);
			runOnlyForDeploymentPostprocessing = 0;
			shellPath = /bin/sh;
			shellScript = "\"${PODS_ROOT}/Fabric/run\" 442da21527addc7548b4076e3d0df374428842e0 5ca9b12a1301635a70b33797cffcbfa503b42c8efa9610945bdb80e6151f5bfe";
		};
		9396533C66FCBFD1CEF9654D /* [CP] Copy Pods Resources */ = {
			isa = PBXShellScriptBuildPhase;
			buildActionMask = 2147483647;
			files = (
			);
			inputPaths = (
			);
			name = "[CP] Copy Pods Resources";
			outputPaths = (
			);
			runOnlyForDeploymentPostprocessing = 0;
			shellPath = /bin/sh;
			shellScript = "\"${SRCROOT}/Pods/Target Support Files/Pods-pedalaMITests/Pods-pedalaMITests-resources.sh\"\n";
			showEnvVarsInLog = 0;
		};
		B102F9A0A08E4AF55A281311 /* [CP] Copy Pods Resources */ = {
			isa = PBXShellScriptBuildPhase;
			buildActionMask = 2147483647;
			files = (
			);
			inputPaths = (
			);
			name = "[CP] Copy Pods Resources";
			outputPaths = (
			);
			runOnlyForDeploymentPostprocessing = 0;
			shellPath = /bin/sh;
			shellScript = "\"${SRCROOT}/Pods/Target Support Files/Pods-pedalaMIUITests/Pods-pedalaMIUITests-resources.sh\"\n";
			showEnvVarsInLog = 0;
		};
		C8097D49D3B8A2F4C72686B6 /* [CP] Check Pods Manifest.lock */ = {
			isa = PBXShellScriptBuildPhase;
			buildActionMask = 2147483647;
			files = (
			);
			inputPaths = (
			);
			name = "[CP] Check Pods Manifest.lock";
			outputPaths = (
			);
			runOnlyForDeploymentPostprocessing = 0;
			shellPath = /bin/sh;
			shellScript = "diff \"${PODS_ROOT}/../Podfile.lock\" \"${PODS_ROOT}/Manifest.lock\" > /dev/null\nif [[ $? != 0 ]] ; then\n    cat << EOM\nerror: The sandbox is not in sync with the Podfile.lock. Run 'pod install' or update your CocoaPods installation.\nEOM\n    exit 1\nfi\n";
			showEnvVarsInLog = 0;
		};
		E794CE253821FF2805957153 /* [CP] Embed Pods Frameworks */ = {
			isa = PBXShellScriptBuildPhase;
			buildActionMask = 2147483647;
			files = (
			);
			inputPaths = (
			);
			name = "[CP] Embed Pods Frameworks";
			outputPaths = (
			);
			runOnlyForDeploymentPostprocessing = 0;
			shellPath = /bin/sh;
			shellScript = "\"${SRCROOT}/Pods/Target Support Files/Pods-pedalaMI/Pods-pedalaMI-frameworks.sh\"\n";
			showEnvVarsInLog = 0;
		};
/* End PBXShellScriptBuildPhase section */

/* Begin PBXSourcesBuildPhase section */
		92876C011C92FD5800BB6BDA /* Sources */ = {
			isa = PBXSourcesBuildPhase;
			buildActionMask = 2147483647;
			files = (
				92E41E691CBBF30C0029AA5F /* MenuController.swift in Sources */,
				92876C0B1C92FD5800BB6BDA /* MapViewController.swift in Sources */,
				924AA5971CBF8A6800E1AF68 /* TabBarController.swift in Sources */,
				9247DCFA1DF6F61C00E393B0 /* Colors.swift in Sources */,
				92E72A2A1CBE3CDD00410E3C /* tapWaterXML.swift in Sources */,
				92DBB46C1C9589CD003BCD1A /* MenuViewController.swift in Sources */,
				9208092F1DF8269200C35F52 /* BlankPageVC.swift in Sources */,
				92AC2FEA1C9D912A0031223D /* Utilities.swift in Sources */,
				9247DCF81DF6E0F600E393B0 /* CustomAnnotationView.swift in Sources */,
				924AA59E1CBF91D200E1AF68 /* LocationController.swift in Sources */,
				924AA59C1CBF916300E1AF68 /* MarkersController.swift in Sources */,
				92876C091C92FD5800BB6BDA /* AppDelegate.swift in Sources */,
				924AA5A01CBF923F00E1AF68 /* RemoteCallsController.swift in Sources */,
				924AA59A1CBF8C2300E1AF68 /* MenuAnimation.swift in Sources */,
				92E72A2C1CBE47DF00410E3C /* TapWaterPoint.swift in Sources */,
				92876C401C93564200BB6BDA /* ParsingSDK.swift in Sources */,
				92876C3D1C93431B00BB6BDA /* Station.swift in Sources */,
				9247DCFC1DF7103B00E393B0 /* ContainerViewController.swift in Sources */,
				9247DD111DF76D7F00E393B0 /* Fonts.swift in Sources */,
				92876C3B1C9300E300BB6BDA /* ServerCallsSDK.swift in Sources */,
			);
			runOnlyForDeploymentPostprocessing = 0;
		};
		92876C151C92FD5800BB6BDA /* Sources */ = {
			isa = PBXSourcesBuildPhase;
			buildActionMask = 2147483647;
			files = (
				92876C1E1C92FD5800BB6BDA /* pedalaMITests.swift in Sources */,
			);
			runOnlyForDeploymentPostprocessing = 0;
		};
		92876C201C92FD5800BB6BDA /* Sources */ = {
			isa = PBXSourcesBuildPhase;
			buildActionMask = 2147483647;
			files = (
				92876C291C92FD5800BB6BDA /* pedalaMIUITests.swift in Sources */,
			);
			runOnlyForDeploymentPostprocessing = 0;
		};
/* End PBXSourcesBuildPhase section */

/* Begin PBXTargetDependency section */
		92876C1B1C92FD5800BB6BDA /* PBXTargetDependency */ = {
			isa = PBXTargetDependency;
			target = 92876C041C92FD5800BB6BDA /* pedalaMI */;
			targetProxy = 92876C1A1C92FD5800BB6BDA /* PBXContainerItemProxy */;
		};
		92876C261C92FD5800BB6BDA /* PBXTargetDependency */ = {
			isa = PBXTargetDependency;
			target = 92876C041C92FD5800BB6BDA /* pedalaMI */;
			targetProxy = 92876C251C92FD5800BB6BDA /* PBXContainerItemProxy */;
		};
/* End PBXTargetDependency section */

/* Begin PBXVariantGroup section */
		92876C0C1C92FD5800BB6BDA /* Main.storyboard */ = {
			isa = PBXVariantGroup;
			children = (
				92876C0D1C92FD5800BB6BDA /* Base */,
			);
			name = Main.storyboard;
			sourceTree = "<group>";
		};
		92876C111C92FD5800BB6BDA /* LaunchScreen.storyboard */ = {
			isa = PBXVariantGroup;
			children = (
				92876C121C92FD5800BB6BDA /* Base */,
			);
			name = LaunchScreen.storyboard;
			sourceTree = "<group>";
		};
/* End PBXVariantGroup section */

/* Begin XCBuildConfiguration section */
		92876C2B1C92FD5800BB6BDA /* Debug */ = {
			isa = XCBuildConfiguration;
			buildSettings = {
				ALWAYS_SEARCH_USER_PATHS = NO;
				CLANG_CXX_LANGUAGE_STANDARD = "gnu++0x";
				CLANG_CXX_LIBRARY = "libc++";
				CLANG_ENABLE_MODULES = YES;
				CLANG_ENABLE_OBJC_ARC = YES;
				CLANG_WARN_BOOL_CONVERSION = YES;
				CLANG_WARN_CONSTANT_CONVERSION = YES;
				CLANG_WARN_DIRECT_OBJC_ISA_USAGE = YES_ERROR;
				CLANG_WARN_EMPTY_BODY = YES;
				CLANG_WARN_ENUM_CONVERSION = YES;
				CLANG_WARN_INT_CONVERSION = YES;
				CLANG_WARN_OBJC_ROOT_CLASS = YES_ERROR;
				CLANG_WARN_UNREACHABLE_CODE = YES;
				CLANG_WARN__DUPLICATE_METHOD_MATCH = YES;
				"CODE_SIGN_IDENTITY[sdk=iphoneos*]" = "iPhone Developer";
				COPY_PHASE_STRIP = NO;
				DEBUG_INFORMATION_FORMAT = dwarf;
				ENABLE_BITCODE = YES;
				ENABLE_STRICT_OBJC_MSGSEND = YES;
				ENABLE_TESTABILITY = YES;
				GCC_C_LANGUAGE_STANDARD = gnu99;
				GCC_DYNAMIC_NO_PIC = NO;
				GCC_NO_COMMON_BLOCKS = YES;
				GCC_OPTIMIZATION_LEVEL = 0;
				GCC_PREPROCESSOR_DEFINITIONS = (
					"DEBUG=1",
					"$(inherited)",
				);
				GCC_WARN_64_TO_32_BIT_CONVERSION = YES;
				GCC_WARN_ABOUT_RETURN_TYPE = YES_ERROR;
				GCC_WARN_UNDECLARED_SELECTOR = YES;
				GCC_WARN_UNINITIALIZED_AUTOS = YES_AGGRESSIVE;
				GCC_WARN_UNUSED_FUNCTION = YES;
				GCC_WARN_UNUSED_VARIABLE = YES;
				IPHONEOS_DEPLOYMENT_TARGET = 9.2;
				MTL_ENABLE_DEBUG_INFO = YES;
				ONLY_ACTIVE_ARCH = YES;
				SDKROOT = iphoneos;
				SWIFT_OPTIMIZATION_LEVEL = "-Onone";
			};
			name = Debug;
		};
		92876C2C1C92FD5800BB6BDA /* Release */ = {
			isa = XCBuildConfiguration;
			buildSettings = {
				ALWAYS_SEARCH_USER_PATHS = NO;
				CLANG_CXX_LANGUAGE_STANDARD = "gnu++0x";
				CLANG_CXX_LIBRARY = "libc++";
				CLANG_ENABLE_MODULES = YES;
				CLANG_ENABLE_OBJC_ARC = YES;
				CLANG_WARN_BOOL_CONVERSION = YES;
				CLANG_WARN_CONSTANT_CONVERSION = YES;
				CLANG_WARN_DIRECT_OBJC_ISA_USAGE = YES_ERROR;
				CLANG_WARN_EMPTY_BODY = YES;
				CLANG_WARN_ENUM_CONVERSION = YES;
				CLANG_WARN_INT_CONVERSION = YES;
				CLANG_WARN_OBJC_ROOT_CLASS = YES_ERROR;
				CLANG_WARN_UNREACHABLE_CODE = YES;
				CLANG_WARN__DUPLICATE_METHOD_MATCH = YES;
				"CODE_SIGN_IDENTITY[sdk=iphoneos*]" = "iPhone Developer";
				COPY_PHASE_STRIP = NO;
				DEBUG_INFORMATION_FORMAT = "dwarf-with-dsym";
				ENABLE_BITCODE = YES;
				ENABLE_NS_ASSERTIONS = NO;
				ENABLE_STRICT_OBJC_MSGSEND = YES;
				GCC_C_LANGUAGE_STANDARD = gnu99;
				GCC_NO_COMMON_BLOCKS = YES;
				GCC_WARN_64_TO_32_BIT_CONVERSION = YES;
				GCC_WARN_ABOUT_RETURN_TYPE = YES_ERROR;
				GCC_WARN_UNDECLARED_SELECTOR = YES;
				GCC_WARN_UNINITIALIZED_AUTOS = YES_AGGRESSIVE;
				GCC_WARN_UNUSED_FUNCTION = YES;
				GCC_WARN_UNUSED_VARIABLE = YES;
				IPHONEOS_DEPLOYMENT_TARGET = 9.2;
				MTL_ENABLE_DEBUG_INFO = NO;
				SDKROOT = iphoneos;
				VALIDATE_PRODUCT = YES;
			};
			name = Release;
		};
		92876C2E1C92FD5800BB6BDA /* Debug */ = {
			isa = XCBuildConfiguration;
			baseConfigurationReference = A751D30C2AB614D416A95C99 /* Pods-pedalaMI.debug.xcconfig */;
			buildSettings = {
				ASSETCATALOG_COMPILER_APPICON_NAME = AppIcon;
				CODE_SIGN_IDENTITY = "iPhone Developer";
				DEBUG_INFORMATION_FORMAT = "dwarf-with-dsym";
				ENABLE_BITCODE = NO;
				INFOPLIST_FILE = iBici/Info.plist;
				IPHONEOS_DEPLOYMENT_TARGET = 8.0;
				LD_RUNPATH_SEARCH_PATHS = "$(inherited) @executable_path/Frameworks";
				PRODUCT_BUNDLE_IDENTIFIER = com.IvanoRotondo.pedalaMI;
				PRODUCT_NAME = pedalaMI;
			};
			name = Debug;
		};
		92876C2F1C92FD5800BB6BDA /* Release */ = {
			isa = XCBuildConfiguration;
			baseConfigurationReference = 50EF363278E59294DA9A25A8 /* Pods-pedalaMI.release.xcconfig */;
			buildSettings = {
				ASSETCATALOG_COMPILER_APPICON_NAME = AppIcon;
				CODE_SIGN_IDENTITY = "iPhone Developer";
				ENABLE_BITCODE = NO;
				INFOPLIST_FILE = iBici/Info.plist;
				IPHONEOS_DEPLOYMENT_TARGET = 8.0;
				LD_RUNPATH_SEARCH_PATHS = "$(inherited) @executable_path/Frameworks";
				PRODUCT_BUNDLE_IDENTIFIER = com.IvanoRotondo.pedalaMI;
				PRODUCT_NAME = pedalaMI;
			};
			name = Release;
		};
		92876C311C92FD5800BB6BDA /* Debug */ = {
			isa = XCBuildConfiguration;
			baseConfigurationReference = F7A0CF12CA2FAB6BC15CFBD6 /* Pods-pedalaMITests.debug.xcconfig */;
			buildSettings = {
				BUNDLE_LOADER = "$(TEST_HOST)";
				ENABLE_BITCODE = YES;
				INFOPLIST_FILE = iBiciTests/Info.plist;
				LD_RUNPATH_SEARCH_PATHS = "$(inherited) @executable_path/Frameworks @loader_path/Frameworks";
				PRODUCT_BUNDLE_IDENTIFIER = IvanoRotondo.iBiciTests;
				PRODUCT_NAME = pedalaMI;
				TEST_HOST = "$(BUILT_PRODUCTS_DIR)/pedalaMI.app/pedalaMI";
			};
			name = Debug;
		};
		92876C321C92FD5800BB6BDA /* Release */ = {
			isa = XCBuildConfiguration;
			baseConfigurationReference = FF0FAE6741D87908DE1A70B9 /* Pods-pedalaMITests.release.xcconfig */;
			buildSettings = {
				BUNDLE_LOADER = "$(TEST_HOST)";
				ENABLE_BITCODE = YES;
				INFOPLIST_FILE = iBiciTests/Info.plist;
				LD_RUNPATH_SEARCH_PATHS = "$(inherited) @executable_path/Frameworks @loader_path/Frameworks";
				PRODUCT_BUNDLE_IDENTIFIER = IvanoRotondo.iBiciTests;
				PRODUCT_NAME = pedalaMI;
				TEST_HOST = "$(BUILT_PRODUCTS_DIR)/pedalaMI.app/pedalaMI";
			};
			name = Release;
		};
		92876C341C92FD5800BB6BDA /* Debug */ = {
			isa = XCBuildConfiguration;
			baseConfigurationReference = BF0C14CBF493A9FA0CF69FBC /* Pods-pedalaMIUITests.debug.xcconfig */;
			buildSettings = {
				ENABLE_BITCODE = YES;
				INFOPLIST_FILE = iBiciUITests/Info.plist;
				LD_RUNPATH_SEARCH_PATHS = "$(inherited) @executable_path/Frameworks @loader_path/Frameworks";
				PRODUCT_BUNDLE_IDENTIFIER = IvanoRotondo.iBiciUITests;
				PRODUCT_NAME = pedalaMI;
				TEST_TARGET_NAME = iBici;
				USES_XCTRUNNER = YES;
			};
			name = Debug;
		};
		92876C351C92FD5800BB6BDA /* Release */ = {
			isa = XCBuildConfiguration;
			baseConfigurationReference = 552D1787035DDF9BD9529118 /* Pods-pedalaMIUITests.release.xcconfig */;
			buildSettings = {
				ENABLE_BITCODE = YES;
				INFOPLIST_FILE = iBiciUITests/Info.plist;
				LD_RUNPATH_SEARCH_PATHS = "$(inherited) @executable_path/Frameworks @loader_path/Frameworks";
				PRODUCT_BUNDLE_IDENTIFIER = IvanoRotondo.iBiciUITests;
				PRODUCT_NAME = pedalaMI;
				TEST_TARGET_NAME = iBici;
				USES_XCTRUNNER = YES;
			};
			name = Release;
		};
/* End XCBuildConfiguration section */

/* Begin XCConfigurationList section */
		92876C001C92FD5800BB6BDA /* Build configuration list for PBXProject "pedalaMI" */ = {
			isa = XCConfigurationList;
			buildConfigurations = (
				92876C2B1C92FD5800BB6BDA /* Debug */,
				92876C2C1C92FD5800BB6BDA /* Release */,
			);
			defaultConfigurationIsVisible = 0;
			defaultConfigurationName = Release;
		};
		92876C2D1C92FD5800BB6BDA /* Build configuration list for PBXNativeTarget "pedalaMI" */ = {
			isa = XCConfigurationList;
			buildConfigurations = (
				92876C2E1C92FD5800BB6BDA /* Debug */,
				92876C2F1C92FD5800BB6BDA /* Release */,
			);
			defaultConfigurationIsVisible = 0;
			defaultConfigurationName = Release;
		};
		92876C301C92FD5800BB6BDA /* Build configuration list for PBXNativeTarget "pedalaMITests" */ = {
			isa = XCConfigurationList;
			buildConfigurations = (
				92876C311C92FD5800BB6BDA /* Debug */,
				92876C321C92FD5800BB6BDA /* Release */,
			);
			defaultConfigurationIsVisible = 0;
			defaultConfigurationName = Release;
		};
		92876C331C92FD5800BB6BDA /* Build configuration list for PBXNativeTarget "pedalaMIUITests" */ = {
			isa = XCConfigurationList;
			buildConfigurations = (
				92876C341C92FD5800BB6BDA /* Debug */,
				92876C351C92FD5800BB6BDA /* Release */,
			);
			defaultConfigurationIsVisible = 0;
			defaultConfigurationName = Release;
		};
/* End XCConfigurationList section */
	};
	rootObject = 92876BFD1C92FD5800BB6BDA /* Project object */;
}
