// !$*UTF8*$!
{
	archiveVersion = 1;
	classes = {
	};
	objectVersion = 46;
	objects = {

/* Begin PBXBuildFile section */
		924AA5971CBF8A6800E1AF68 /* TabBarController.swift in Sources */ = {isa = PBXBuildFile; fileRef = 924AA5961CBF8A6800E1AF68 /* TabBarController.swift */; };
		924AA59A1CBF8C2300E1AF68 /* MenuAnimation.swift in Sources */ = {isa = PBXBuildFile; fileRef = 924AA5991CBF8C2300E1AF68 /* MenuAnimation.swift */; };
		924AA59C1CBF916300E1AF68 /* MarkersController.swift in Sources */ = {isa = PBXBuildFile; fileRef = 924AA59B1CBF916300E1AF68 /* MarkersController.swift */; };
		924AA59E1CBF91D200E1AF68 /* LocationController.swift in Sources */ = {isa = PBXBuildFile; fileRef = 924AA59D1CBF91D100E1AF68 /* LocationController.swift */; };
		924AA5A01CBF923F00E1AF68 /* RemoteCallsController.swift in Sources */ = {isa = PBXBuildFile; fileRef = 924AA59F1CBF923F00E1AF68 /* RemoteCallsController.swift */; };
		92876C091C92FD5800BB6BDA /* AppDelegate.swift in Sources */ = {isa = PBXBuildFile; fileRef = 92876C081C92FD5800BB6BDA /* AppDelegate.swift */; };
		92876C0B1C92FD5800BB6BDA /* MapViewController.swift in Sources */ = {isa = PBXBuildFile; fileRef = 92876C0A1C92FD5800BB6BDA /* MapViewController.swift */; };
		92876C0E1C92FD5800BB6BDA /* Main.storyboard in Resources */ = {isa = PBXBuildFile; fileRef = 92876C0C1C92FD5800BB6BDA /* Main.storyboard */; };
		92876C101C92FD5800BB6BDA /* Assets.xcassets in Resources */ = {isa = PBXBuildFile; fileRef = 92876C0F1C92FD5800BB6BDA /* Assets.xcassets */; };
		92876C131C92FD5800BB6BDA /* LaunchScreen.storyboard in Resources */ = {isa = PBXBuildFile; fileRef = 92876C111C92FD5800BB6BDA /* LaunchScreen.storyboard */; };
		92876C1E1C92FD5800BB6BDA /* pedalaMITests.swift in Sources */ = {isa = PBXBuildFile; fileRef = 92876C1D1C92FD5800BB6BDA /* pedalaMITests.swift */; };
		92876C291C92FD5800BB6BDA /* pedalaMIUITests.swift in Sources */ = {isa = PBXBuildFile; fileRef = 92876C281C92FD5800BB6BDA /* pedalaMIUITests.swift */; };
		92876C3B1C9300E300BB6BDA /* ServerCallsSDK.swift in Sources */ = {isa = PBXBuildFile; fileRef = 92876C3A1C9300E300BB6BDA /* ServerCallsSDK.swift */; };
		92876C3D1C93431B00BB6BDA /* Station.swift in Sources */ = {isa = PBXBuildFile; fileRef = 92876C3C1C93431B00BB6BDA /* Station.swift */; };
		92876C401C93564200BB6BDA /* ParsingSDK.swift in Sources */ = {isa = PBXBuildFile; fileRef = 92876C3F1C93564200BB6BDA /* ParsingSDK.swift */; };
		92AC2FEA1C9D912A0031223D /* Utilities.swift in Sources */ = {isa = PBXBuildFile; fileRef = 92AC2FE91C9D912A0031223D /* Utilities.swift */; };
		92CA5BAB1CCA3286003DCD40 /* bikePath.png in Resources */ = {isa = PBXBuildFile; fileRef = 92CA5BA31CCA3286003DCD40 /* bikePath.png */; };
		92CA5BAC1CCA3286003DCD40 /* bikeSharing.png in Resources */ = {isa = PBXBuildFile; fileRef = 92CA5BA41CCA3286003DCD40 /* bikeSharing.png */; };
		92CA5BAD1CCA3286003DCD40 /* menuClosed.png in Resources */ = {isa = PBXBuildFile; fileRef = 92CA5BA51CCA3286003DCD40 /* menuClosed.png */; };
		92CA5BAE1CCA3286003DCD40 /* menuOpen.png in Resources */ = {isa = PBXBuildFile; fileRef = 92CA5BA61CCA3286003DCD40 /* menuOpen.png */; };
		92CA5BAF1CCA3286003DCD40 /* pave.png in Resources */ = {isa = PBXBuildFile; fileRef = 92CA5BA71CCA3286003DCD40 /* pave.png */; };
		92CA5BB01CCA3286003DCD40 /* refreshClosed.png in Resources */ = {isa = PBXBuildFile; fileRef = 92CA5BA81CCA3286003DCD40 /* refreshClosed.png */; };
		92CA5BB11CCA3286003DCD40 /* refreshOpen.png in Resources */ = {isa = PBXBuildFile; fileRef = 92CA5BA91CCA3286003DCD40 /* refreshOpen.png */; };
		92CA5BB21CCA3286003DCD40 /* tapWater.png in Resources */ = {isa = PBXBuildFile; fileRef = 92CA5BAA1CCA3286003DCD40 /* tapWater.png */; };
		92DBB46C1C9589CD003BCD1A /* MenuViewController.swift in Sources */ = {isa = PBXBuildFile; fileRef = 92DBB46B1C9589CD003BCD1A /* MenuViewController.swift */; };
		92E41E691CBBF30C0029AA5F /* MenuController.swift in Sources */ = {isa = PBXBuildFile; fileRef = 92E41E681CBBF30C0029AA5F /* MenuController.swift */; };
		92E72A0B1CBD0B8B00410E3C /* bikeSelected.png in Resources */ = {isa = PBXBuildFile; fileRef = 92E729F91CBD0B8B00410E3C /* bikeSelected.png */; };
		92E72A0C1CBD0B8B00410E3C /* bikeUnselected.png in Resources */ = {isa = PBXBuildFile; fileRef = 92E729FA1CBD0B8B00410E3C /* bikeUnselected.png */; };
		92E72A0D1CBD0B8B00410E3C /* eBikeSelected.png in Resources */ = {isa = PBXBuildFile; fileRef = 92E729FB1CBD0B8B00410E3C /* eBikeSelected.png */; };
		92E72A0E1CBD0B8B00410E3C /* eBikeUnselected.png in Resources */ = {isa = PBXBuildFile; fileRef = 92E729FC1CBD0B8B00410E3C /* eBikeUnselected.png */; };
		92E72A121CBD0B8B00410E3C /* pinBike.png in Resources */ = {isa = PBXBuildFile; fileRef = 92E72A001CBD0B8B00410E3C /* pinBike.png */; };
		92E72A131CBD0B8B00410E3C /* pinEBike.png in Resources */ = {isa = PBXBuildFile; fileRef = 92E72A011CBD0B8B00410E3C /* pinEBike.png */; };
		92E72A141CBD0B8B00410E3C /* pinSlot.png in Resources */ = {isa = PBXBuildFile; fileRef = 92E72A021CBD0B8B00410E3C /* pinSlot.png */; };
		92E72A151CBD0B8B00410E3C /* rectangleBike.png in Resources */ = {isa = PBXBuildFile; fileRef = 92E72A031CBD0B8B00410E3C /* rectangleBike.png */; };
		92E72A161CBD0B8B00410E3C /* rectangleEBike.png in Resources */ = {isa = PBXBuildFile; fileRef = 92E72A041CBD0B8B00410E3C /* rectangleEBike.png */; };
		92E72A171CBD0B8B00410E3C /* rectangleSlot.png in Resources */ = {isa = PBXBuildFile; fileRef = 92E72A051CBD0B8B00410E3C /* rectangleSlot.png */; };
		92E72A1B1CBD0B8B00410E3C /* slotSelected.png in Resources */ = {isa = PBXBuildFile; fileRef = 92E72A091CBD0B8B00410E3C /* slotSelected.png */; };
		92E72A1C1CBD0B8B00410E3C /* slotUnselected.png in Resources */ = {isa = PBXBuildFile; fileRef = 92E72A0A1CBD0B8B00410E3C /* slotUnselected.png */; };
		92E72A261CBD3D6800410E3C /* launchScreen.png in Resources */ = {isa = PBXBuildFile; fileRef = 92E72A251CBD3D6800410E3C /* launchScreen.png */; };
		92E72A2A1CBE3CDD00410E3C /* tapWaterXML.swift in Sources */ = {isa = PBXBuildFile; fileRef = 92E72A291CBE3CDD00410E3C /* tapWaterXML.swift */; };
		92E72A2C1CBE47DF00410E3C /* TapWaterPoint.swift in Sources */ = {isa = PBXBuildFile; fileRef = 92E72A2B1CBE47DF00410E3C /* TapWaterPoint.swift */; };
		92E72A2E1CBE735400410E3C /* pinTapWater.png in Resources */ = {isa = PBXBuildFile; fileRef = 92E72A2D1CBE735400410E3C /* pinTapWater.png */; };
		E3B3FDFFD0C466C215028BEF /* Pods.framework in Frameworks */ = {isa = PBXBuildFile; fileRef = 8E83B4EEE28A4BDFB4640EE0 /* Pods.framework */; };
/* End PBXBuildFile section */

/* Begin PBXContainerItemProxy section */
		92876C1A1C92FD5800BB6BDA /* PBXContainerItemProxy */ = {
			isa = PBXContainerItemProxy;
			containerPortal = 92876BFD1C92FD5800BB6BDA /* Project object */;
			proxyType = 1;
			remoteGlobalIDString = 92876C041C92FD5800BB6BDA;
			remoteInfo = iBici;
		};
		92876C251C92FD5800BB6BDA /* PBXContainerItemProxy */ = {
			isa = PBXContainerItemProxy;
			containerPortal = 92876BFD1C92FD5800BB6BDA /* Project object */;
			proxyType = 1;
			remoteGlobalIDString = 92876C041C92FD5800BB6BDA;
			remoteInfo = iBici;
		};
/* End PBXContainerItemProxy section */

/* Begin PBXFileReference section */
		75DB3FC4BA415C8115EAD7CE /* Pods.debug.xcconfig */ = {isa = PBXFileReference; includeInIndex = 1; lastKnownFileType = text.xcconfig; name = Pods.debug.xcconfig; path = "Pods/Target Support Files/Pods/Pods.debug.xcconfig"; sourceTree = "<group>"; };
		7729B498BEF82CE521E5CE90 /* Pods.release.xcconfig */ = {isa = PBXFileReference; includeInIndex = 1; lastKnownFileType = text.xcconfig; name = Pods.release.xcconfig; path = "Pods/Target Support Files/Pods/Pods.release.xcconfig"; sourceTree = "<group>"; };
		8E83B4EEE28A4BDFB4640EE0 /* Pods.framework */ = {isa = PBXFileReference; explicitFileType = wrapper.framework; includeInIndex = 0; path = Pods.framework; sourceTree = BUILT_PRODUCTS_DIR; };
		924AA5961CBF8A6800E1AF68 /* TabBarController.swift */ = {isa = PBXFileReference; fileEncoding = 4; lastKnownFileType = sourcecode.swift; path = TabBarController.swift; sourceTree = "<group>"; };
		924AA5991CBF8C2300E1AF68 /* MenuAnimation.swift */ = {isa = PBXFileReference; fileEncoding = 4; lastKnownFileType = sourcecode.swift; path = MenuAnimation.swift; sourceTree = "<group>"; };
		924AA59B1CBF916300E1AF68 /* MarkersController.swift */ = {isa = PBXFileReference; fileEncoding = 4; lastKnownFileType = sourcecode.swift; path = MarkersController.swift; sourceTree = "<group>"; };
		924AA59D1CBF91D100E1AF68 /* LocationController.swift */ = {isa = PBXFileReference; fileEncoding = 4; lastKnownFileType = sourcecode.swift; path = LocationController.swift; sourceTree = "<group>"; };
		924AA59F1CBF923F00E1AF68 /* RemoteCallsController.swift */ = {isa = PBXFileReference; fileEncoding = 4; lastKnownFileType = sourcecode.swift; path = RemoteCallsController.swift; sourceTree = "<group>"; };
		92876C051C92FD5800BB6BDA /* pedalaMI.app */ = {isa = PBXFileReference; explicitFileType = wrapper.application; includeInIndex = 0; path = pedalaMI.app; sourceTree = BUILT_PRODUCTS_DIR; };
		92876C081C92FD5800BB6BDA /* AppDelegate.swift */ = {isa = PBXFileReference; lastKnownFileType = sourcecode.swift; path = AppDelegate.swift; sourceTree = "<group>"; };
		92876C0A1C92FD5800BB6BDA /* MapViewController.swift */ = {isa = PBXFileReference; lastKnownFileType = sourcecode.swift; path = MapViewController.swift; sourceTree = "<group>"; };
		92876C0D1C92FD5800BB6BDA /* Base */ = {isa = PBXFileReference; lastKnownFileType = file.storyboard; name = Base; path = Base.lproj/Main.storyboard; sourceTree = "<group>"; };
		92876C0F1C92FD5800BB6BDA /* Assets.xcassets */ = {isa = PBXFileReference; lastKnownFileType = folder.assetcatalog; path = Assets.xcassets; sourceTree = "<group>"; };
		92876C121C92FD5800BB6BDA /* Base */ = {isa = PBXFileReference; lastKnownFileType = file.storyboard; name = Base; path = Base.lproj/LaunchScreen.storyboard; sourceTree = "<group>"; };
		92876C141C92FD5800BB6BDA /* Info.plist */ = {isa = PBXFileReference; lastKnownFileType = text.plist.xml; path = Info.plist; sourceTree = "<group>"; };
		92876C191C92FD5800BB6BDA /* pedalaMI.xctest */ = {isa = PBXFileReference; explicitFileType = wrapper.cfbundle; includeInIndex = 0; path = pedalaMI.xctest; sourceTree = BUILT_PRODUCTS_DIR; };
		92876C1D1C92FD5800BB6BDA /* pedalaMITests.swift */ = {isa = PBXFileReference; lastKnownFileType = sourcecode.swift; path = pedalaMITests.swift; sourceTree = "<group>"; };
		92876C1F1C92FD5800BB6BDA /* Info.plist */ = {isa = PBXFileReference; lastKnownFileType = text.plist.xml; path = Info.plist; sourceTree = "<group>"; };
		92876C241C92FD5800BB6BDA /* pedalaMI.xctest */ = {isa = PBXFileReference; explicitFileType = wrapper.cfbundle; includeInIndex = 0; path = pedalaMI.xctest; sourceTree = BUILT_PRODUCTS_DIR; };
		92876C281C92FD5800BB6BDA /* pedalaMIUITests.swift */ = {isa = PBXFileReference; lastKnownFileType = sourcecode.swift; path = pedalaMIUITests.swift; sourceTree = "<group>"; };
		92876C2A1C92FD5800BB6BDA /* Info.plist */ = {isa = PBXFileReference; lastKnownFileType = text.plist.xml; path = Info.plist; sourceTree = "<group>"; };
		92876C3A1C9300E300BB6BDA /* ServerCallsSDK.swift */ = {isa = PBXFileReference; fileEncoding = 4; lastKnownFileType = sourcecode.swift; path = ServerCallsSDK.swift; sourceTree = "<group>"; };
		92876C3C1C93431B00BB6BDA /* Station.swift */ = {isa = PBXFileReference; fileEncoding = 4; lastKnownFileType = sourcecode.swift; path = Station.swift; sourceTree = "<group>"; };
		92876C3F1C93564200BB6BDA /* ParsingSDK.swift */ = {isa = PBXFileReference; fileEncoding = 4; lastKnownFileType = sourcecode.swift; path = ParsingSDK.swift; sourceTree = "<group>"; };
		92AC2FE91C9D912A0031223D /* Utilities.swift */ = {isa = PBXFileReference; fileEncoding = 4; lastKnownFileType = sourcecode.swift; path = Utilities.swift; sourceTree = "<group>"; };
		92CA5BA31CCA3286003DCD40 /* bikePath.png */ = {isa = PBXFileReference; lastKnownFileType = image.png; name = bikePath.png; path = "../iBici - Graphics/graphics/newNewGraphics/bikePath.png"; sourceTree = "<group>"; };
		92CA5BA41CCA3286003DCD40 /* bikeSharing.png */ = {isa = PBXFileReference; lastKnownFileType = image.png; name = bikeSharing.png; path = "../iBici - Graphics/graphics/newNewGraphics/bikeSharing.png"; sourceTree = "<group>"; };
		92CA5BA51CCA3286003DCD40 /* menuClosed.png */ = {isa = PBXFileReference; lastKnownFileType = image.png; name = menuClosed.png; path = "../iBici - Graphics/graphics/newNewGraphics/menuClosed.png"; sourceTree = "<group>"; };
		92CA5BA61CCA3286003DCD40 /* menuOpen.png */ = {isa = PBXFileReference; lastKnownFileType = image.png; name = menuOpen.png; path = "../iBici - Graphics/graphics/newNewGraphics/menuOpen.png"; sourceTree = "<group>"; };
		92CA5BA71CCA3286003DCD40 /* pave.png */ = {isa = PBXFileReference; lastKnownFileType = image.png; name = pave.png; path = "../iBici - Graphics/graphics/newNewGraphics/pave.png"; sourceTree = "<group>"; };
		92CA5BA81CCA3286003DCD40 /* refreshClosed.png */ = {isa = PBXFileReference; lastKnownFileType = image.png; name = refreshClosed.png; path = "../iBici - Graphics/graphics/newNewGraphics/refreshClosed.png"; sourceTree = "<group>"; };
		92CA5BA91CCA3286003DCD40 /* refreshOpen.png */ = {isa = PBXFileReference; lastKnownFileType = image.png; name = refreshOpen.png; path = "../iBici - Graphics/graphics/newNewGraphics/refreshOpen.png"; sourceTree = "<group>"; };
		92CA5BAA1CCA3286003DCD40 /* tapWater.png */ = {isa = PBXFileReference; lastKnownFileType = image.png; name = tapWater.png; path = "../iBici - Graphics/graphics/newNewGraphics/tapWater.png"; sourceTree = "<group>"; };
		92DBB46B1C9589CD003BCD1A /* MenuViewController.swift */ = {isa = PBXFileReference; fileEncoding = 4; lastKnownFileType = sourcecode.swift; path = MenuViewController.swift; sourceTree = "<group>"; };
		92E41E681CBBF30C0029AA5F /* MenuController.swift */ = {isa = PBXFileReference; fileEncoding = 4; lastKnownFileType = sourcecode.swift; path = MenuController.swift; sourceTree = "<group>"; };
		92E729F91CBD0B8B00410E3C /* bikeSelected.png */ = {isa = PBXFileReference; lastKnownFileType = image.png; name = bikeSelected.png; path = graphics/bikeSelected.png; sourceTree = "<group>"; };
		92E729FA1CBD0B8B00410E3C /* bikeUnselected.png */ = {isa = PBXFileReference; lastKnownFileType = image.png; name = bikeUnselected.png; path = graphics/bikeUnselected.png; sourceTree = "<group>"; };
		92E729FB1CBD0B8B00410E3C /* eBikeSelected.png */ = {isa = PBXFileReference; lastKnownFileType = image.png; name = eBikeSelected.png; path = graphics/eBikeSelected.png; sourceTree = "<group>"; };
		92E729FC1CBD0B8B00410E3C /* eBikeUnselected.png */ = {isa = PBXFileReference; lastKnownFileType = image.png; name = eBikeUnselected.png; path = graphics/eBikeUnselected.png; sourceTree = "<group>"; };
		92E72A001CBD0B8B00410E3C /* pinBike.png */ = {isa = PBXFileReference; lastKnownFileType = image.png; name = pinBike.png; path = graphics/pinBike.png; sourceTree = "<group>"; };
		92E72A011CBD0B8B00410E3C /* pinEBike.png */ = {isa = PBXFileReference; lastKnownFileType = image.png; name = pinEBike.png; path = graphics/pinEBike.png; sourceTree = "<group>"; };
		92E72A021CBD0B8B00410E3C /* pinSlot.png */ = {isa = PBXFileReference; lastKnownFileType = image.png; name = pinSlot.png; path = graphics/pinSlot.png; sourceTree = "<group>"; };
		92E72A031CBD0B8B00410E3C /* rectangleBike.png */ = {isa = PBXFileReference; lastKnownFileType = image.png; name = rectangleBike.png; path = graphics/rectangleBike.png; sourceTree = "<group>"; };
		92E72A041CBD0B8B00410E3C /* rectangleEBike.png */ = {isa = PBXFileReference; lastKnownFileType = image.png; name = rectangleEBike.png; path = graphics/rectangleEBike.png; sourceTree = "<group>"; };
		92E72A051CBD0B8B00410E3C /* rectangleSlot.png */ = {isa = PBXFileReference; lastKnownFileType = image.png; name = rectangleSlot.png; path = graphics/rectangleSlot.png; sourceTree = "<group>"; };
		92E72A091CBD0B8B00410E3C /* slotSelected.png */ = {isa = PBXFileReference; lastKnownFileType = image.png; name = slotSelected.png; path = graphics/slotSelected.png; sourceTree = "<group>"; };
		92E72A0A1CBD0B8B00410E3C /* slotUnselected.png */ = {isa = PBXFileReference; lastKnownFileType = image.png; name = slotUnselected.png; path = graphics/slotUnselected.png; sourceTree = "<group>"; };
		92E72A251CBD3D6800410E3C /* launchScreen.png */ = {isa = PBXFileReference; lastKnownFileType = image.png; name = launchScreen.png; path = graphics/launchScreen.png; sourceTree = "<group>"; };
		92E72A291CBE3CDD00410E3C /* tapWaterXML.swift */ = {isa = PBXFileReference; fileEncoding = 4; lastKnownFileType = sourcecode.swift; name = tapWaterXML.swift; path = ../tapWaterXML.swift; sourceTree = "<group>"; };
		92E72A2B1CBE47DF00410E3C /* TapWaterPoint.swift */ = {isa = PBXFileReference; fileEncoding = 4; lastKnownFileType = sourcecode.swift; path = TapWaterPoint.swift; sourceTree = "<group>"; };
		92E72A2D1CBE735400410E3C /* pinTapWater.png */ = {isa = PBXFileReference; lastKnownFileType = image.png; name = pinTapWater.png; path = graphics/pinTapWater.png; sourceTree = "<group>"; };
/* End PBXFileReference section */

/* Begin PBXFrameworksBuildPhase section */
		92876C021C92FD5800BB6BDA /* Frameworks */ = {
			isa = PBXFrameworksBuildPhase;
			buildActionMask = 2147483647;
			files = (
				E3B3FDFFD0C466C215028BEF /* Pods.framework in Frameworks */,
			);
			runOnlyForDeploymentPostprocessing = 0;
		};
		92876C161C92FD5800BB6BDA /* Frameworks */ = {
			isa = PBXFrameworksBuildPhase;
			buildActionMask = 2147483647;
			files = (
			);
			runOnlyForDeploymentPostprocessing = 0;
		};
		92876C211C92FD5800BB6BDA /* Frameworks */ = {
			isa = PBXFrameworksBuildPhase;
			buildActionMask = 2147483647;
			files = (
			);
			runOnlyForDeploymentPostprocessing = 0;
		};
/* End PBXFrameworksBuildPhase section */

/* Begin PBXGroup section */
		535345085F8DA77C3A9F854D /* Frameworks */ = {
			isa = PBXGroup;
			children = (
				8E83B4EEE28A4BDFB4640EE0 /* Pods.framework */,
			);
			name = Frameworks;
			sourceTree = "<group>";
		};
		720B9687B75B850129B5DCB8 /* Pods */ = {
			isa = PBXGroup;
			children = (
				75DB3FC4BA415C8115EAD7CE /* Pods.debug.xcconfig */,
				7729B498BEF82CE521E5CE90 /* Pods.release.xcconfig */,
			);
			name = Pods;
			sourceTree = "<group>";
		};
		924AA5921CBF89D100E1AF68 /* SDK */ = {
			isa = PBXGroup;
			children = (
				92876C3F1C93564200BB6BDA /* ParsingSDK.swift */,
				92876C3A1C9300E300BB6BDA /* ServerCallsSDK.swift */,
			);
			name = SDK;
			sourceTree = "<group>";
		};
		924AA5931CBF8A0800E1AF68 /* MapViewController */ = {
			isa = PBXGroup;
			children = (
				924AA59D1CBF91D100E1AF68 /* LocationController.swift */,
				92876C0A1C92FD5800BB6BDA /* MapViewController.swift */,
				924AA59B1CBF916300E1AF68 /* MarkersController.swift */,
				924AA59F1CBF923F00E1AF68 /* RemoteCallsController.swift */,
				924AA5981CBF8C1100E1AF68 /* Menu */,
				924AA5961CBF8A6800E1AF68 /* TabBarController.swift */,
			);
			name = MapViewController;
			sourceTree = "<group>";
		};
		924AA5941CBF8A2800E1AF68 /* Utilities */ = {
			isa = PBXGroup;
			children = (
				92E72A291CBE3CDD00410E3C /* tapWaterXML.swift */,
				92AC2FE91C9D912A0031223D /* Utilities.swift */,
			);
			name = Utilities;
			sourceTree = "<group>";
		};
		924AA5951CBF8A3600E1AF68 /* System */ = {
			isa = PBXGroup;
			children = (
				92876C0F1C92FD5800BB6BDA /* Assets.xcassets */,
				92876C111C92FD5800BB6BDA /* LaunchScreen.storyboard */,
				92876C141C92FD5800BB6BDA /* Info.plist */,
			);
			name = System;
			sourceTree = "<group>";
		};
		924AA5981CBF8C1100E1AF68 /* Menu */ = {
			isa = PBXGroup;
			children = (
				92E41E681CBBF30C0029AA5F /* MenuController.swift */,
				924AA5991CBF8C2300E1AF68 /* MenuAnimation.swift */,
			);
			name = Menu;
			sourceTree = "<group>";
		};
		92876BFC1C92FD5800BB6BDA = {
			isa = PBXGroup;
			children = (
				92876C071C92FD5800BB6BDA /* pedalaMI */,
				92876C1C1C92FD5800BB6BDA /* pedalaMITests */,
				92876C271C92FD5800BB6BDA /* pedalaMIUITests */,
				92876C471C935F3500BB6BDA /* graphics */,
				92876C061C92FD5800BB6BDA /* Products */,
				720B9687B75B850129B5DCB8 /* Pods */,
				535345085F8DA77C3A9F854D /* Frameworks */,
			);
			sourceTree = "<group>";
		};
		92876C061C92FD5800BB6BDA /* Products */ = {
			isa = PBXGroup;
			children = (
				92876C051C92FD5800BB6BDA /* pedalaMI.app */,
				92876C191C92FD5800BB6BDA /* pedalaMI.xctest */,
				92876C241C92FD5800BB6BDA /* pedalaMI.xctest */,
			);
			name = Products;
			sourceTree = "<group>";
		};
		92876C071C92FD5800BB6BDA /* pedalaMI */ = {
			isa = PBXGroup;
			children = (
				92876C0C1C92FD5800BB6BDA /* Main.storyboard */,
				92876C081C92FD5800BB6BDA /* AppDelegate.swift */,
				92876C3E1C93432400BB6BDA /* Classes */,
				924AA5931CBF8A0800E1AF68 /* MapViewController */,
				924AA5921CBF89D100E1AF68 /* SDK */,
				924AA5941CBF8A2800E1AF68 /* Utilities */,
				924AA5951CBF8A3600E1AF68 /* System */,
				92DBB46B1C9589CD003BCD1A /* MenuViewController.swift */,
			);
			name = pedalaMI;
			path = iBici;
			sourceTree = "<group>";
		};
		92876C1C1C92FD5800BB6BDA /* pedalaMITests */ = {
			isa = PBXGroup;
			children = (
				92876C1D1C92FD5800BB6BDA /* pedalaMITests.swift */,
				92876C1F1C92FD5800BB6BDA /* Info.plist */,
			);
			name = pedalaMITests;
			path = iBiciTests;
			sourceTree = "<group>";
		};
		92876C271C92FD5800BB6BDA /* pedalaMIUITests */ = {
			isa = PBXGroup;
			children = (
				92876C281C92FD5800BB6BDA /* pedalaMIUITests.swift */,
				92876C2A1C92FD5800BB6BDA /* Info.plist */,
			);
			name = pedalaMIUITests;
			path = iBiciUITests;
			sourceTree = "<group>";
		};
		92876C3E1C93432400BB6BDA /* Classes */ = {
			isa = PBXGroup;
			children = (
				92876C3C1C93431B00BB6BDA /* Station.swift */,
				92E72A2B1CBE47DF00410E3C /* TapWaterPoint.swift */,
			);
			name = Classes;
			sourceTree = "<group>";
		};
		92876C471C935F3500BB6BDA /* graphics */ = {
			isa = PBXGroup;
			children = (
				92E72A251CBD3D6800410E3C /* launchScreen.png */,
				92CA5BA31CCA3286003DCD40 /* bikePath.png */,
				92CA5BA41CCA3286003DCD40 /* bikeSharing.png */,
				92CA5BA51CCA3286003DCD40 /* menuClosed.png */,
				92CA5BA61CCA3286003DCD40 /* menuOpen.png */,
				92CA5BA71CCA3286003DCD40 /* pave.png */,
				92CA5BA81CCA3286003DCD40 /* refreshClosed.png */,
				92CA5BA91CCA3286003DCD40 /* refreshOpen.png */,
				92CA5BAA1CCA3286003DCD40 /* tapWater.png */,
				92CA5BA21CCA31FC003DCD40 /* pin */,
				92CA5BA11CCA31C8003DCD40 /* tabBar */,
			);
			name = graphics;
			sourceTree = "<group>";
		};
		92CA5BA11CCA31C8003DCD40 /* tabBar */ = {
			isa = PBXGroup;
			children = (
				92E729F91CBD0B8B00410E3C /* bikeSelected.png */,
				92E729FA1CBD0B8B00410E3C /* bikeUnselected.png */,
				92E729FB1CBD0B8B00410E3C /* eBikeSelected.png */,
				92E729FC1CBD0B8B00410E3C /* eBikeUnselected.png */,
				92E72A031CBD0B8B00410E3C /* rectangleBike.png */,
				92E72A041CBD0B8B00410E3C /* rectangleEBike.png */,
				92E72A051CBD0B8B00410E3C /* rectangleSlot.png */,
				92E72A091CBD0B8B00410E3C /* slotSelected.png */,
				92E72A0A1CBD0B8B00410E3C /* slotUnselected.png */,
			);
			name = tabBar;
			sourceTree = "<group>";
		};
		92CA5BA21CCA31FC003DCD40 /* pin */ = {
			isa = PBXGroup;
			children = (
				92E72A001CBD0B8B00410E3C /* pinBike.png */,
				92E72A011CBD0B8B00410E3C /* pinEBike.png */,
				92E72A021CBD0B8B00410E3C /* pinSlot.png */,
				92E72A2D1CBE735400410E3C /* pinTapWater.png */,
			);
			name = pin;
			sourceTree = "<group>";
		};
/* End PBXGroup section */

/* Begin PBXNativeTarget section */
		92876C041C92FD5800BB6BDA /* pedalaMI */ = {
			isa = PBXNativeTarget;
			buildConfigurationList = 92876C2D1C92FD5800BB6BDA /* Build configuration list for PBXNativeTarget "pedalaMI" */;
			buildPhases = (
				9D01B007F3AE7C58685FFDD7 /* Check Pods Manifest.lock */,
				92876C011C92FD5800BB6BDA /* Sources */,
				92876C021C92FD5800BB6BDA /* Frameworks */,
				92876C031C92FD5800BB6BDA /* Resources */,
				9388303D67105ED604D1A9F0 /* Embed Pods Frameworks */,
				B198D4D63E4FE3B7631F0581 /* Copy Pods Resources */,
				92CA5B9F1CC537B6003DCD40 /* ShellScript */,
			);
			buildRules = (
			);
			dependencies = (
			);
			name = pedalaMI;
			productName = iBici;
			productReference = 92876C051C92FD5800BB6BDA /* pedalaMI.app */;
			productType = "com.apple.product-type.application";
		};
		92876C181C92FD5800BB6BDA /* pedalaMITests */ = {
			isa = PBXNativeTarget;
			buildConfigurationList = 92876C301C92FD5800BB6BDA /* Build configuration list for PBXNativeTarget "pedalaMITests" */;
			buildPhases = (
				92876C151C92FD5800BB6BDA /* Sources */,
				92876C161C92FD5800BB6BDA /* Frameworks */,
				92876C171C92FD5800BB6BDA /* Resources */,
			);
			buildRules = (
			);
			dependencies = (
				92876C1B1C92FD5800BB6BDA /* PBXTargetDependency */,
			);
			name = pedalaMITests;
			productName = iBiciTests;
			productReference = 92876C191C92FD5800BB6BDA /* pedalaMI.xctest */;
			productType = "com.apple.product-type.bundle.unit-test";
		};
		92876C231C92FD5800BB6BDA /* pedalaMIUITests */ = {
			isa = PBXNativeTarget;
			buildConfigurationList = 92876C331C92FD5800BB6BDA /* Build configuration list for PBXNativeTarget "pedalaMIUITests" */;
			buildPhases = (
				92876C201C92FD5800BB6BDA /* Sources */,
				92876C211C92FD5800BB6BDA /* Frameworks */,
				92876C221C92FD5800BB6BDA /* Resources */,
			);
			buildRules = (
			);
			dependencies = (
				92876C261C92FD5800BB6BDA /* PBXTargetDependency */,
			);
			name = pedalaMIUITests;
			productName = iBiciUITests;
			productReference = 92876C241C92FD5800BB6BDA /* pedalaMI.xctest */;
			productType = "com.apple.product-type.bundle.ui-testing";
		};
/* End PBXNativeTarget section */

/* Begin PBXProject section */
		92876BFD1C92FD5800BB6BDA /* Project object */ = {
			isa = PBXProject;
			attributes = {
				LastSwiftUpdateCheck = 0720;
				LastUpgradeCheck = 0720;
				ORGANIZATIONNAME = IvanoRotondo;
				TargetAttributes = {
					92876C041C92FD5800BB6BDA = {
						CreatedOnToolsVersion = 7.2.1;
						DevelopmentTeam = 859SCUZ2L4;
					};
					92876C181C92FD5800BB6BDA = {
						CreatedOnToolsVersion = 7.2.1;
						TestTargetID = 92876C041C92FD5800BB6BDA;
					};
					92876C231C92FD5800BB6BDA = {
						CreatedOnToolsVersion = 7.2.1;
						TestTargetID = 92876C041C92FD5800BB6BDA;
					};
				};
			};
			buildConfigurationList = 92876C001C92FD5800BB6BDA /* Build configuration list for PBXProject "pedalaMI" */;
			compatibilityVersion = "Xcode 3.2";
			developmentRegion = English;
			hasScannedForEncodings = 0;
			knownRegions = (
				en,
				Base,
			);
			mainGroup = 92876BFC1C92FD5800BB6BDA;
			productRefGroup = 92876C061C92FD5800BB6BDA /* Products */;
			projectDirPath = "";
			projectRoot = "";
			targets = (
				92876C041C92FD5800BB6BDA /* pedalaMI */,
				92876C181C92FD5800BB6BDA /* pedalaMITests */,
				92876C231C92FD5800BB6BDA /* pedalaMIUITests */,
			);
		};
/* End PBXProject section */

/* Begin PBXResourcesBuildPhase section */
		92876C031C92FD5800BB6BDA /* Resources */ = {
			isa = PBXResourcesBuildPhase;
			buildActionMask = 2147483647;
			files = (
				92CA5BB01CCA3286003DCD40 /* refreshClosed.png in Resources */,
				92E72A151CBD0B8B00410E3C /* rectangleBike.png in Resources */,
				92E72A2E1CBE735400410E3C /* pinTapWater.png in Resources */,
				92CA5BAE1CCA3286003DCD40 /* menuOpen.png in Resources */,
				92876C131C92FD5800BB6BDA /* LaunchScreen.storyboard in Resources */,
				92CA5BAC1CCA3286003DCD40 /* bikeSharing.png in Resources */,
				92E72A1B1CBD0B8B00410E3C /* slotSelected.png in Resources */,
				92E72A161CBD0B8B00410E3C /* rectangleEBike.png in Resources */,
				92E72A0D1CBD0B8B00410E3C /* eBikeSelected.png in Resources */,
				92E72A261CBD3D6800410E3C /* launchScreen.png in Resources */,
				92876C101C92FD5800BB6BDA /* Assets.xcassets in Resources */,
				92CA5BB11CCA3286003DCD40 /* refreshOpen.png in Resources */,
				92E72A141CBD0B8B00410E3C /* pinSlot.png in Resources */,
				92E72A0E1CBD0B8B00410E3C /* eBikeUnselected.png in Resources */,
				92876C0E1C92FD5800BB6BDA /* Main.storyboard in Resources */,
				92CA5BAD1CCA3286003DCD40 /* menuClosed.png in Resources */,
				92CA5BB21CCA3286003DCD40 /* tapWater.png in Resources */,
				92E72A0C1CBD0B8B00410E3C /* bikeUnselected.png in Resources */,
				92CA5BAF1CCA3286003DCD40 /* pave.png in Resources */,
				92E72A171CBD0B8B00410E3C /* rectangleSlot.png in Resources */,
				92CA5BAB1CCA3286003DCD40 /* bikePath.png in Resources */,
				92E72A0B1CBD0B8B00410E3C /* bikeSelected.png in Resources */,
				92E72A1C1CBD0B8B00410E3C /* slotUnselected.png in Resources */,
				92E72A131CBD0B8B00410E3C /* pinEBike.png in Resources */,
				92E72A121CBD0B8B00410E3C /* pinBike.png in Resources */,
			);
			runOnlyForDeploymentPostprocessing = 0;
		};
		92876C171C92FD5800BB6BDA /* Resources */ = {
			isa = PBXResourcesBuildPhase;
			buildActionMask = 2147483647;
			files = (
			);
			runOnlyForDeploymentPostprocessing = 0;
		};
		92876C221C92FD5800BB6BDA /* Resources */ = {
			isa = PBXResourcesBuildPhase;
			buildActionMask = 2147483647;
			files = (
			);
			runOnlyForDeploymentPostprocessing = 0;
		};
/* End PBXResourcesBuildPhase section */

/* Begin PBXShellScriptBuildPhase section */
		92CA5B9F1CC537B6003DCD40 /* ShellScript */ = {
			isa = PBXShellScriptBuildPhase;
			buildActionMask = 2147483647;
			files = (
			);
			inputPaths = (
			);
			outputPaths = (
			);
			runOnlyForDeploymentPostprocessing = 0;
			shellPath = /usr/bin/python;
			shellScript = "import os\nimport subprocess\nimport zipfile\n\nif os.environ['DEBUG_INFORMATION_FORMAT'] != 'dwarf-with-dsym' or os.environ['EFFECTIVE_PLATFORM_NAME'] == '-iphonesimulator':\n    exit(0)\n\nACCESS_TOKEN = '6c0e47e8f6ae423a8506dccb366204d5'\n\ndsym_file_path = os.path.join(os.environ['DWARF_DSYM_FOLDER_PATH'], os.environ['DWARF_DSYM_FILE_NAME'])\nzip_location = '%s.zip' % (dsym_file_path)\n\nos.chdir(os.environ['DWARF_DSYM_FOLDER_PATH'])\nwith zipfile.ZipFile(zip_location, 'w', zipfile.ZIP_DEFLATED) as zipf:\n    for root, dirs, files in os.walk(os.environ['DWARF_DSYM_FILE_NAME']):\n        zipf.write(root)\n\n        for f in files:\n            zipf.write(os.path.join(root, f))\n\n# You may need to change the following path to match your application settings and Xcode version\ninfo_file_path = os.path.join(os.environ['INSTALL_DIR'], os.environ['INFOPLIST_PATH'])\n\np = subprocess.Popen('/usr/libexec/PlistBuddy -c \"Print :CFBundleVersion\" -c \"Print :CFBundleIdentifier\" \"%s\"' % info_file_path,\n                     stdout=subprocess.PIPE, shell=True)\n\nstdout, stderr = p.communicate()\nversion, identifier = stdout.split()\n\np = subprocess.Popen('curl -X POST \"https://api.rollbar.com/api/1/dsym\" -F access_token=%s -F version=%s -F bundle_identifier=\"%s\" -F dsym=@\"%s\"' \n                     % (ACCESS_TOKEN, version, identifier, zip_location), shell=True)\np.communicate()";
		};
		9388303D67105ED604D1A9F0 /* Embed Pods Frameworks */ = {
			isa = PBXShellScriptBuildPhase;
			buildActionMask = 2147483647;
			files = (
			);
			inputPaths = (
			);
			name = "Embed Pods Frameworks";
			outputPaths = (
			);
			runOnlyForDeploymentPostprocessing = 0;
			shellPath = /bin/sh;
			shellScript = "\"${SRCROOT}/Pods/Target Support Files/Pods/Pods-frameworks.sh\"\n";
			showEnvVarsInLog = 0;
		};
		9D01B007F3AE7C58685FFDD7 /* Check Pods Manifest.lock */ = {
			isa = PBXShellScriptBuildPhase;
			buildActionMask = 2147483647;
			files = (
			);
			inputPaths = (
			);
			name = "Check Pods Manifest.lock";
			outputPaths = (
			);
			runOnlyForDeploymentPostprocessing = 0;
			shellPath = /bin/sh;
			shellScript = "diff \"${PODS_ROOT}/../Podfile.lock\" \"${PODS_ROOT}/Manifest.lock\" > /dev/null\nif [[ $? != 0 ]] ; then\n    cat << EOM\nerror: The sandbox is not in sync with the Podfile.lock. Run 'pod install' or update your CocoaPods installation.\nEOM\n    exit 1\nfi\n";
			showEnvVarsInLog = 0;
		};
		B198D4D63E4FE3B7631F0581 /* Copy Pods Resources */ = {
			isa = PBXShellScriptBuildPhase;
			buildActionMask = 2147483647;
			files = (
			);
			inputPaths = (
			);
			name = "Copy Pods Resources";
			outputPaths = (
			);
			runOnlyForDeploymentPostprocessing = 0;
			shellPath = /bin/sh;
			shellScript = "\"${SRCROOT}/Pods/Target Support Files/Pods/Pods-resources.sh\"\n";
			showEnvVarsInLog = 0;
		};
/* End PBXShellScriptBuildPhase section */

/* Begin PBXSourcesBuildPhase section */
		92876C011C92FD5800BB6BDA /* Sources */ = {
			isa = PBXSourcesBuildPhase;
			buildActionMask = 2147483647;
			files = (
				92E41E691CBBF30C0029AA5F /* MenuController.swift in Sources */,
				92876C0B1C92FD5800BB6BDA /* MapViewController.swift in Sources */,
				924AA5971CBF8A6800E1AF68 /* TabBarController.swift in Sources */,
				92E72A2A1CBE3CDD00410E3C /* tapWaterXML.swift in Sources */,
				92DBB46C1C9589CD003BCD1A /* MenuViewController.swift in Sources */,
				92AC2FEA1C9D912A0031223D /* Utilities.swift in Sources */,
				924AA59E1CBF91D200E1AF68 /* LocationController.swift in Sources */,
				924AA59C1CBF916300E1AF68 /* MarkersController.swift in Sources */,
				92876C091C92FD5800BB6BDA /* AppDelegate.swift in Sources */,
				924AA5A01CBF923F00E1AF68 /* RemoteCallsController.swift in Sources */,
				924AA59A1CBF8C2300E1AF68 /* MenuAnimation.swift in Sources */,
				92E72A2C1CBE47DF00410E3C /* TapWaterPoint.swift in Sources */,
				92876C401C93564200BB6BDA /* ParsingSDK.swift in Sources */,
				92876C3D1C93431B00BB6BDA /* Station.swift in Sources */,
				92876C3B1C9300E300BB6BDA /* ServerCallsSDK.swift in Sources */,
			);
			runOnlyForDeploymentPostprocessing = 0;
		};
		92876C151C92FD5800BB6BDA /* Sources */ = {
			isa = PBXSourcesBuildPhase;
			buildActionMask = 2147483647;
			files = (
				92876C1E1C92FD5800BB6BDA /* pedalaMITests.swift in Sources */,
			);
			runOnlyForDeploymentPostprocessing = 0;
		};
		92876C201C92FD5800BB6BDA /* Sources */ = {
			isa = PBXSourcesBuildPhase;
			buildActionMask = 2147483647;
			files = (
				92876C291C92FD5800BB6BDA /* pedalaMIUITests.swift in Sources */,
			);
			runOnlyForDeploymentPostprocessing = 0;
		};
/* End PBXSourcesBuildPhase section */

/* Begin PBXTargetDependency section */
		92876C1B1C92FD5800BB6BDA /* PBXTargetDependency */ = {
			isa = PBXTargetDependency;
			target = 92876C041C92FD5800BB6BDA /* pedalaMI */;
			targetProxy = 92876C1A1C92FD5800BB6BDA /* PBXContainerItemProxy */;
		};
		92876C261C92FD5800BB6BDA /* PBXTargetDependency */ = {
			isa = PBXTargetDependency;
			target = 92876C041C92FD5800BB6BDA /* pedalaMI */;
			targetProxy = 92876C251C92FD5800BB6BDA /* PBXContainerItemProxy */;
		};
/* End PBXTargetDependency section */

/* Begin PBXVariantGroup section */
		92876C0C1C92FD5800BB6BDA /* Main.storyboard */ = {
			isa = PBXVariantGroup;
			children = (
				92876C0D1C92FD5800BB6BDA /* Base */,
			);
			name = Main.storyboard;
			sourceTree = "<group>";
		};
		92876C111C92FD5800BB6BDA /* LaunchScreen.storyboard */ = {
			isa = PBXVariantGroup;
			children = (
				92876C121C92FD5800BB6BDA /* Base */,
			);
			name = LaunchScreen.storyboard;
			sourceTree = "<group>";
		};
/* End PBXVariantGroup section */

/* Begin XCBuildConfiguration section */
		92876C2B1C92FD5800BB6BDA /* Debug */ = {
			isa = XCBuildConfiguration;
			buildSettings = {
				ALWAYS_SEARCH_USER_PATHS = NO;
				CLANG_CXX_LANGUAGE_STANDARD = "gnu++0x";
				CLANG_CXX_LIBRARY = "libc++";
				CLANG_ENABLE_MODULES = YES;
				CLANG_ENABLE_OBJC_ARC = YES;
				CLANG_WARN_BOOL_CONVERSION = YES;
				CLANG_WARN_CONSTANT_CONVERSION = YES;
				CLANG_WARN_DIRECT_OBJC_ISA_USAGE = YES_ERROR;
				CLANG_WARN_EMPTY_BODY = YES;
				CLANG_WARN_ENUM_CONVERSION = YES;
				CLANG_WARN_INT_CONVERSION = YES;
				CLANG_WARN_OBJC_ROOT_CLASS = YES_ERROR;
				CLANG_WARN_UNREACHABLE_CODE = YES;
				CLANG_WARN__DUPLICATE_METHOD_MATCH = YES;
				"CODE_SIGN_IDENTITY[sdk=iphoneos*]" = "iPhone Developer";
				COPY_PHASE_STRIP = NO;
				DEBUG_INFORMATION_FORMAT = dwarf;
				ENABLE_BITCODE = YES;
				ENABLE_STRICT_OBJC_MSGSEND = YES;
				ENABLE_TESTABILITY = YES;
				GCC_C_LANGUAGE_STANDARD = gnu99;
				GCC_DYNAMIC_NO_PIC = NO;
				GCC_NO_COMMON_BLOCKS = YES;
				GCC_OPTIMIZATION_LEVEL = 0;
				GCC_PREPROCESSOR_DEFINITIONS = (
					"DEBUG=1",
					"$(inherited)",
				);
				GCC_WARN_64_TO_32_BIT_CONVERSION = YES;
				GCC_WARN_ABOUT_RETURN_TYPE = YES_ERROR;
				GCC_WARN_UNDECLARED_SELECTOR = YES;
				GCC_WARN_UNINITIALIZED_AUTOS = YES_AGGRESSIVE;
				GCC_WARN_UNUSED_FUNCTION = YES;
				GCC_WARN_UNUSED_VARIABLE = YES;
				IPHONEOS_DEPLOYMENT_TARGET = 9.2;
				MTL_ENABLE_DEBUG_INFO = YES;
				ONLY_ACTIVE_ARCH = YES;
				SDKROOT = iphoneos;
				SWIFT_OPTIMIZATION_LEVEL = "-Onone";
			};
			name = Debug;
		};
		92876C2C1C92FD5800BB6BDA /* Release */ = {
			isa = XCBuildConfiguration;
			buildSettings = {
				ALWAYS_SEARCH_USER_PATHS = NO;
				CLANG_CXX_LANGUAGE_STANDARD = "gnu++0x";
				CLANG_CXX_LIBRARY = "libc++";
				CLANG_ENABLE_MODULES = YES;
				CLANG_ENABLE_OBJC_ARC = YES;
				CLANG_WARN_BOOL_CONVERSION = YES;
				CLANG_WARN_CONSTANT_CONVERSION = YES;
				CLANG_WARN_DIRECT_OBJC_ISA_USAGE = YES_ERROR;
				CLANG_WARN_EMPTY_BODY = YES;
				CLANG_WARN_ENUM_CONVERSION = YES;
				CLANG_WARN_INT_CONVERSION = YES;
				CLANG_WARN_OBJC_ROOT_CLASS = YES_ERROR;
				CLANG_WARN_UNREACHABLE_CODE = YES;
				CLANG_WARN__DUPLICATE_METHOD_MATCH = YES;
				"CODE_SIGN_IDENTITY[sdk=iphoneos*]" = "iPhone Developer";
				COPY_PHASE_STRIP = NO;
				DEBUG_INFORMATION_FORMAT = "dwarf-with-dsym";
				ENABLE_BITCODE = YES;
				ENABLE_NS_ASSERTIONS = NO;
				ENABLE_STRICT_OBJC_MSGSEND = YES;
				GCC_C_LANGUAGE_STANDARD = gnu99;
				GCC_NO_COMMON_BLOCKS = YES;
				GCC_WARN_64_TO_32_BIT_CONVERSION = YES;
				GCC_WARN_ABOUT_RETURN_TYPE = YES_ERROR;
				GCC_WARN_UNDECLARED_SELECTOR = YES;
				GCC_WARN_UNINITIALIZED_AUTOS = YES_AGGRESSIVE;
				GCC_WARN_UNUSED_FUNCTION = YES;
				GCC_WARN_UNUSED_VARIABLE = YES;
				IPHONEOS_DEPLOYMENT_TARGET = 9.2;
				MTL_ENABLE_DEBUG_INFO = NO;
				SDKROOT = iphoneos;
				VALIDATE_PRODUCT = YES;
			};
			name = Release;
		};
		92876C2E1C92FD5800BB6BDA /* Debug */ = {
			isa = XCBuildConfiguration;
			baseConfigurationReference = 75DB3FC4BA415C8115EAD7CE /* Pods.debug.xcconfig */;
			buildSettings = {
				ASSETCATALOG_COMPILER_APPICON_NAME = AppIcon;
				CODE_SIGN_IDENTITY = "iPhone Developer";
				DEBUG_INFORMATION_FORMAT = "dwarf-with-dsym";
				ENABLE_BITCODE = NO;
				INFOPLIST_FILE = iBici/Info.plist;
				IPHONEOS_DEPLOYMENT_TARGET = 8.0;
				LD_RUNPATH_SEARCH_PATHS = "$(inherited) @executable_path/Frameworks";
				PRODUCT_BUNDLE_IDENTIFIER = com.IvanoRotondo.pedalaMI;
				PRODUCT_NAME = pedalaMI;
			};
			name = Debug;
		};
		92876C2F1C92FD5800BB6BDA /* Release */ = {
			isa = XCBuildConfiguration;
			baseConfigurationReference = 7729B498BEF82CE521E5CE90 /* Pods.release.xcconfig */;
			buildSettings = {
				ASSETCATALOG_COMPILER_APPICON_NAME = AppIcon;
				CODE_SIGN_IDENTITY = "iPhone Developer";
				ENABLE_BITCODE = NO;
				INFOPLIST_FILE = iBici/Info.plist;
				IPHONEOS_DEPLOYMENT_TARGET = 8.0;
				LD_RUNPATH_SEARCH_PATHS = "$(inherited) @executable_path/Frameworks";
				PRODUCT_BUNDLE_IDENTIFIER = com.IvanoRotondo.pedalaMI;
				PRODUCT_NAME = pedalaMI;
			};
			name = Release;
		};
		92876C311C92FD5800BB6BDA /* Debug */ = {
			isa = XCBuildConfiguration;
			buildSettings = {
				BUNDLE_LOADER = "$(TEST_HOST)";
				ENABLE_BITCODE = YES;
				INFOPLIST_FILE = iBiciTests/Info.plist;
				LD_RUNPATH_SEARCH_PATHS = "$(inherited) @executable_path/Frameworks @loader_path/Frameworks";
				PRODUCT_BUNDLE_IDENTIFIER = IvanoRotondo.iBiciTests;
				PRODUCT_NAME = pedalaMI;
				TEST_HOST = "$(BUILT_PRODUCTS_DIR)/pedalaMI.app/pedalaMI";
			};
			name = Debug;
		};
		92876C321C92FD5800BB6BDA /* Release */ = {
			isa = XCBuildConfiguration;
			buildSettings = {
				BUNDLE_LOADER = "$(TEST_HOST)";
				ENABLE_BITCODE = YES;
				INFOPLIST_FILE = iBiciTests/Info.plist;
				LD_RUNPATH_SEARCH_PATHS = "$(inherited) @executable_path/Frameworks @loader_path/Frameworks";
				PRODUCT_BUNDLE_IDENTIFIER = IvanoRotondo.iBiciTests;
				PRODUCT_NAME = pedalaMI;
				TEST_HOST = "$(BUILT_PRODUCTS_DIR)/pedalaMI.app/pedalaMI";
			};
			name = Release;
		};
		92876C341C92FD5800BB6BDA /* Debug */ = {
			isa = XCBuildConfiguration;
			buildSettings = {
				ENABLE_BITCODE = YES;
				INFOPLIST_FILE = iBiciUITests/Info.plist;
				LD_RUNPATH_SEARCH_PATHS = "$(inherited) @executable_path/Frameworks @loader_path/Frameworks";
				PRODUCT_BUNDLE_IDENTIFIER = IvanoRotondo.iBiciUITests;
				PRODUCT_NAME = pedalaMI;
				TEST_TARGET_NAME = iBici;
				USES_XCTRUNNER = YES;
			};
			name = Debug;
		};
		92876C351C92FD5800BB6BDA /* Release */ = {
			isa = XCBuildConfiguration;
			buildSettings = {
				ENABLE_BITCODE = YES;
				INFOPLIST_FILE = iBiciUITests/Info.plist;
				LD_RUNPATH_SEARCH_PATHS = "$(inherited) @executable_path/Frameworks @loader_path/Frameworks";
				PRODUCT_BUNDLE_IDENTIFIER = IvanoRotondo.iBiciUITests;
				PRODUCT_NAME = pedalaMI;
				TEST_TARGET_NAME = iBici;
				USES_XCTRUNNER = YES;
			};
			name = Release;
		};
/* End XCBuildConfiguration section */

/* Begin XCConfigurationList section */
		92876C001C92FD5800BB6BDA /* Build configuration list for PBXProject "pedalaMI" */ = {
			isa = XCConfigurationList;
			buildConfigurations = (
				92876C2B1C92FD5800BB6BDA /* Debug */,
				92876C2C1C92FD5800BB6BDA /* Release */,
			);
			defaultConfigurationIsVisible = 0;
			defaultConfigurationName = Release;
		};
		92876C2D1C92FD5800BB6BDA /* Build configuration list for PBXNativeTarget "pedalaMI" */ = {
			isa = XCConfigurationList;
			buildConfigurations = (
				92876C2E1C92FD5800BB6BDA /* Debug */,
				92876C2F1C92FD5800BB6BDA /* Release */,
			);
			defaultConfigurationIsVisible = 0;
			defaultConfigurationName = Release;
		};
		92876C301C92FD5800BB6BDA /* Build configuration list for PBXNativeTarget "pedalaMITests" */ = {
			isa = XCConfigurationList;
			buildConfigurations = (
				92876C311C92FD5800BB6BDA /* Debug */,
				92876C321C92FD5800BB6BDA /* Release */,
			);
			defaultConfigurationIsVisible = 0;
			defaultConfigurationName = Release;
		};
		92876C331C92FD5800BB6BDA /* Build configuration list for PBXNativeTarget "pedalaMIUITests" */ = {
			isa = XCConfigurationList;
			buildConfigurations = (
				92876C341C92FD5800BB6BDA /* Debug */,
				92876C351C92FD5800BB6BDA /* Release */,
			);
			defaultConfigurationIsVisible = 0;
			defaultConfigurationName = Release;
		};
/* End XCConfigurationList section */
	};
	rootObject = 92876BFD1C92FD5800BB6BDA /* Project object */;
}
